<?xml version="1.0" encoding="utf-8"?>
<Project ToolsVersion="4.0" xmlns="http://schemas.microsoft.com/developer/msbuild/2003">
  <ItemGroup>
    <Filter Include="exports">
      <UniqueIdentifier>{6c50707c-2f2a-4e4d-bb55-718fee7238d8}</UniqueIdentifier>
    </Filter>
    <Filter Include="common">
      <UniqueIdentifier>{52296692-4906-4308-88b5-5d16497cca62}</UniqueIdentifier>
    </Filter>
    <Filter Include="tests">
      <UniqueIdentifier>{9c9f313c-e410-404b-a480-b181a9aebd38}</UniqueIdentifier>
    </Filter>
    <Filter Include="plugins">
      <UniqueIdentifier>{a3c22ea2-dc24-4e3e-ad0c-ab636365c746}</UniqueIdentifier>
    </Filter>
    <Filter Include="engine">
      <UniqueIdentifier>{cb32800b-e929-4363-a132-d66bcfd322b5}</UniqueIdentifier>
    </Filter>
    <Filter Include="third_party">
      <UniqueIdentifier>{8210b8e0-e69c-473f-9616-922521e34f1e}</UniqueIdentifier>
    </Filter>
    <Filter Include="third_party\poly2tri">
      <UniqueIdentifier>{737c8af4-d7bd-4605-abd8-84909b2aa7ef}</UniqueIdentifier>
    </Filter>
    <Filter Include="third_party\poly2tri\common">
      <UniqueIdentifier>{a1d4bcf3-673b-40e8-abef-0924490b5e4c}</UniqueIdentifier>
    </Filter>
    <Filter Include="third_party\poly2tri\sweep">
      <UniqueIdentifier>{43beceb5-caf9-45c4-80af-4880771240ff}</UniqueIdentifier>
    </Filter>
    <Filter Include="third_party\box2d">
      <UniqueIdentifier>{72cf81d2-7277-43eb-bda9-0b176f1ee849}</UniqueIdentifier>
    </Filter>
    <Filter Include="third_party\box2d\Collision">
      <UniqueIdentifier>{a8a0dd7c-dc3c-479c-90a0-1f120de89182}</UniqueIdentifier>
    </Filter>
    <Filter Include="third_party\box2d\Collision\Shapes">
      <UniqueIdentifier>{0b555e39-1ded-44cd-8555-45eac98cfa04}</UniqueIdentifier>
    </Filter>
    <Filter Include="third_party\box2d\Common">
      <UniqueIdentifier>{665564dc-be9a-474f-bd25-974fa9686e49}</UniqueIdentifier>
    </Filter>
    <Filter Include="third_party\box2d\Dynamics">
      <UniqueIdentifier>{c8fa5410-9024-423e-a5b3-e0665a1c8087}</UniqueIdentifier>
    </Filter>
    <Filter Include="third_party\box2d\Dynamics\Contacts">
      <UniqueIdentifier>{c3cf5460-8c0f-4042-a06f-3d289594b43f}</UniqueIdentifier>
    </Filter>
    <Filter Include="third_party\box2d\Dynamics\Joints">
      <UniqueIdentifier>{967e04a0-c5cf-4dc9-bcd8-f56e28a92b57}</UniqueIdentifier>
    </Filter>
    <Filter Include="third_party\box2d\Rope">
      <UniqueIdentifier>{04152826-7083-4e38-bda2-b96d949a8433}</UniqueIdentifier>
    </Filter>
    <Filter Include="third_party\clipper">
      <UniqueIdentifier>{fc2d1862-f455-40a7-ad14-cc9f4848e38e}</UniqueIdentifier>
    </Filter>
    <Filter Include="engine\physics">
      <UniqueIdentifier>{cc788a5a-54fb-49f4-8cb8-11c7309fa7b4}</UniqueIdentifier>
    </Filter>
    <Filter Include="engine\resources">
      <UniqueIdentifier>{bdb4f70e-f3cf-47b8-b7be-fe7a8f39cb1a}</UniqueIdentifier>
    </Filter>
    <Filter Include="engine\resources\lpng">
      <UniqueIdentifier>{2ce19b8f-6064-4c0e-a28f-dc92489470fb}</UniqueIdentifier>
    </Filter>
    <Filter Include="engine\resources\zlib">
      <UniqueIdentifier>{6e8df11f-5e40-4d37-ab8c-3ea1fcc3c1f0}</UniqueIdentifier>
    </Filter>
    <Filter Include="engine\shaders">
      <UniqueIdentifier>{f56f7ea8-0aaf-4aed-ab59-4898beff468c}</UniqueIdentifier>
    </Filter>
    <Filter Include="engine\terrain">
      <UniqueIdentifier>{1a154dfa-bf68-4259-acc5-0391e0180bf0}</UniqueIdentifier>
    </Filter>
    <Filter Include="engine\geometry">
      <UniqueIdentifier>{38afac63-3a37-4eb0-a0ce-5606ce2f1b4c}</UniqueIdentifier>
    </Filter>
    <Filter Include="engine\graphics">
      <UniqueIdentifier>{ee58e0fc-0a4b-48bf-bf4d-f409427ea5a6}</UniqueIdentifier>
    </Filter>
    <Filter Include="engine\navmesh">
      <UniqueIdentifier>{a78ae904-280e-46b4-bd07-710c353e151d}</UniqueIdentifier>
    </Filter>
    <Filter Include="engine\drawing">
      <UniqueIdentifier>{7d13e806-eaac-4e8e-87f1-7ccd1ae30387}</UniqueIdentifier>
    </Filter>
    <Filter Include="engine\core">
      <UniqueIdentifier>{fc049044-9e3f-4ecb-b8f8-541a36e33886}</UniqueIdentifier>
    </Filter>
    <Filter Include="engine\spine">
      <UniqueIdentifier>{e5af31e9-524f-4255-96c8-321836b373a5}</UniqueIdentifier>
    </Filter>
    <Filter Include="engine\spine\runtime">
      <UniqueIdentifier>{106823d2-47e2-4009-aea8-15ca367459e3}</UniqueIdentifier>
    </Filter>
    <Filter Include="third_party\decompressors">
      <UniqueIdentifier>{b069492a-b59a-4707-9d45-a9013bb07d2a}</UniqueIdentifier>
    </Filter>
    <Filter Include="third_party\decompress_ati">
      <UniqueIdentifier>{ed23673d-b9d7-432e-9e1d-844b8caa5cad}</UniqueIdentifier>
    </Filter>
    <Filter Include="third_party\etcpack">
      <UniqueIdentifier>{f00a4e2f-d503-4ee1-a0a1-caf9f6d49ccf}</UniqueIdentifier>
    </Filter>
    <Filter Include="third_party\etcpack\source_edit">
      <UniqueIdentifier>{f9bdeca2-862e-41ac-a046-0041bfbab538}</UniqueIdentifier>
    </Filter>
    <Filter Include="third_party\rectanglebinpack">
      <UniqueIdentifier>{4452d826-d616-4f81-92b2-eab982bad32f}</UniqueIdentifier>
    </Filter>
  </ItemGroup>
  <ItemGroup>
    <ClInclude Include="..\..\CommonSources\include\llge.h">
      <Filter>common</Filter>
    </ClInclude>
    <ClInclude Include="stdafx.h" />
    <ClInclude Include="targetver.h" />
    <ClInclude Include="..\src\core\core_classes.h">
      <Filter>engine\core</Filter>
    </ClInclude>
    <ClInclude Include="..\src\core\core_platform.h">
      <Filter>engine\core</Filter>
    </ClInclude>
    <ClInclude Include="..\src\core\Lazy.h">
      <Filter>engine\core</Filter>
    </ClInclude>
    <ClInclude Include="..\src\core\Math.h">
      <Filter>engine\core</Filter>
    </ClInclude>
    <ClInclude Include="..\src\core\Matrix.h">
      <Filter>engine\core</Filter>
    </ClInclude>
    <ClInclude Include="..\src\core\StaticArray.h">
      <Filter>engine\core</Filter>
    </ClInclude>
    <ClInclude Include="..\src\core\Vector.h">
      <Filter>engine\core</Filter>
    </ClInclude>
    <ClInclude Include="..\src\geometry\Aabb2d.h">
      <Filter>engine\geometry</Filter>
    </ClInclude>
    <ClInclude Include="..\src\geometry\geometry_classes.h">
      <Filter>engine\geometry</Filter>
    </ClInclude>
    <ClInclude Include="..\src\geometry\geometry_platform.h">
      <Filter>engine\geometry</Filter>
    </ClInclude>
    <ClInclude Include="..\src\geometry\geometry_references.h">
      <Filter>engine\geometry</Filter>
    </ClInclude>
    <ClInclude Include="..\src\graphics\AttributeInfo.h">
      <Filter>engine\graphics</Filter>
    </ClInclude>
    <ClInclude Include="..\src\graphics\Attributes.h">
      <Filter>engine\graphics</Filter>
    </ClInclude>
    <ClInclude Include="..\src\graphics\Color.h">
      <Filter>engine\graphics</Filter>
    </ClInclude>
    <ClInclude Include="..\src\graphics\Effect.h">
      <Filter>engine\graphics</Filter>
    </ClInclude>
    <ClInclude Include="..\src\graphics\EffectBase.h">
      <Filter>engine\graphics</Filter>
    </ClInclude>
    <ClInclude Include="..\src\graphics\Effects.h">
      <Filter>engine\graphics</Filter>
    </ClInclude>
    <ClInclude Include="..\src\graphics\EffectSolid.h">
      <Filter>engine\graphics</Filter>
    </ClInclude>
    <ClInclude Include="..\src\graphics\EffectSolidColor.h">
      <Filter>engine\graphics</Filter>
    </ClInclude>
    <ClInclude Include="..\src\graphics\EffectTextureColor.h">
      <Filter>engine\graphics</Filter>
    </ClInclude>
    <ClInclude Include="..\src\graphics\Errors.h">
      <Filter>engine\graphics</Filter>
    </ClInclude>
    <ClInclude Include="..\src\graphics\GraphicsDevice.h">
      <Filter>engine\graphics</Filter>
    </ClInclude>
    <ClInclude Include="..\src\graphics\graphics_classes.h">
      <Filter>engine\graphics</Filter>
    </ClInclude>
    <ClInclude Include="..\src\graphics\graphics_platform.h">
      <Filter>engine\graphics</Filter>
    </ClInclude>
    <ClInclude Include="..\src\graphics\graphics_references.h">
      <Filter>engine\graphics</Filter>
    </ClInclude>
    <ClInclude Include="..\src\graphics\Image2dData.h">
      <Filter>engine\graphics</Filter>
    </ClInclude>
    <ClInclude Include="..\src\graphics\RenderState.h">
      <Filter>engine\graphics</Filter>
    </ClInclude>
    <ClInclude Include="..\src\graphics\State.h">
      <Filter>engine\graphics</Filter>
    </ClInclude>
    <ClInclude Include="..\src\graphics\StateCompare.h">
      <Filter>engine\graphics</Filter>
    </ClInclude>
    <ClInclude Include="..\src\graphics\Texture.h">
      <Filter>engine\graphics</Filter>
    </ClInclude>
    <ClInclude Include="..\src\graphics\TextureImage2d.h">
      <Filter>engine\graphics</Filter>
    </ClInclude>
    <ClInclude Include="..\src\graphics\TextureLoader.h">
      <Filter>engine\graphics</Filter>
    </ClInclude>
    <ClInclude Include="..\src\graphics\TextureRenderTarget2d.h">
      <Filter>engine\graphics</Filter>
    </ClInclude>
    <ClInclude Include="..\src\graphics\Uniform.h">
      <Filter>engine\graphics</Filter>
    </ClInclude>
    <ClInclude Include="..\src\graphics\UniformInfo.h">
      <Filter>engine\graphics</Filter>
    </ClInclude>
    <ClInclude Include="..\src\graphics\Uniforms.h">
      <Filter>engine\graphics</Filter>
    </ClInclude>
    <ClInclude Include="..\src\graphics\UniformValue.h">
      <Filter>engine\graphics</Filter>
    </ClInclude>
    <ClInclude Include="..\src\graphics\UniformValueFloat.h">
      <Filter>engine\graphics</Filter>
    </ClInclude>
    <ClInclude Include="..\src\graphics\UniformValueMatrix.h">
      <Filter>engine\graphics</Filter>
    </ClInclude>
    <ClInclude Include="..\src\graphics\UniformValueTexture.h">
      <Filter>engine\graphics</Filter>
    </ClInclude>
    <ClInclude Include="..\src\graphics\VertexFormat.h">
      <Filter>engine\graphics</Filter>
    </ClInclude>
    <ClInclude Include="..\src\graphics\VertexFormatPosition.h">
      <Filter>engine\graphics</Filter>
    </ClInclude>
    <ClInclude Include="..\src\graphics\VertexFormatPositionColor.h">
      <Filter>engine\graphics</Filter>
    </ClInclude>
    <ClInclude Include="..\src\graphics\VertexFormatPositionTextureColor.h">
      <Filter>engine\graphics</Filter>
    </ClInclude>
    <ClInclude Include="..\src\graphics\VertexFormats.h">
      <Filter>engine\graphics</Filter>
    </ClInclude>
    <ClInclude Include="..\src\graphics\graphics.h">
      <Filter>engine\graphics</Filter>
    </ClInclude>
    <ClInclude Include="..\src\core\core.h">
      <Filter>engine\core</Filter>
    </ClInclude>
    <ClInclude Include="..\shaders\solid_frag.h">
      <Filter>engine\shaders</Filter>
    </ClInclude>
    <ClInclude Include="..\shaders\solid_vert.h">
      <Filter>engine\shaders</Filter>
    </ClInclude>
    <ClInclude Include="..\shaders\solid_color_frag.h">
      <Filter>engine\shaders</Filter>
    </ClInclude>
    <ClInclude Include="..\shaders\solid_color_vert.h">
      <Filter>engine\shaders</Filter>
    </ClInclude>
    <ClInclude Include="..\shaders\texture_color_frag.h">
      <Filter>engine\shaders</Filter>
    </ClInclude>
    <ClInclude Include="..\shaders\texture_color_vert.h">
      <Filter>engine\shaders</Filter>
    </ClInclude>
    <ClInclude Include="..\src\geometry\geometry.h">
      <Filter>engine\geometry</Filter>
    </ClInclude>
    <ClInclude Include="..\shaders\texture_lightmap_color_frag.h">
      <Filter>engine\shaders</Filter>
    </ClInclude>
    <ClInclude Include="..\shaders\texture_lightmap_color_vert.h">
      <Filter>engine\shaders</Filter>
    </ClInclude>
    <ClInclude Include="..\src\graphics\EffectTextureLightMapColor.h">
      <Filter>engine\graphics</Filter>
    </ClInclude>
    <ClInclude Include="..\src\graphics\VertexBuffer.h">
      <Filter>engine\graphics</Filter>
    </ClInclude>
    <ClInclude Include="..\src\graphics\StaticBatch.h">
      <Filter>engine\graphics</Filter>
    </ClInclude>
    <ClInclude Include="..\src\graphics\Batcher.h">
      <Filter>engine\graphics</Filter>
    </ClInclude>
    <ClInclude Include="..\src\core\BasicTest.h">
      <Filter>engine\core</Filter>
    </ClInclude>
    <ClInclude Include="..\src\core\Allocator.h">
      <Filter>engine\core</Filter>
    </ClInclude>
    <ClInclude Include="..\src\core\SystemAllocationPolicy.h">
      <Filter>engine\core</Filter>
    </ClInclude>
    <ClInclude Include="..\src\core\HollowsAllocationPolicy.h">
      <Filter>engine\core</Filter>
    </ClInclude>
    <ClInclude Include="..\src\drawing\drawing_platform.h">
      <Filter>engine\drawing</Filter>
    </ClInclude>
    <ClInclude Include="..\src\drawing\drawing_references.h">
      <Filter>engine\drawing</Filter>
    </ClInclude>
    <ClInclude Include="..\src\drawing\drawing_classes.h">
      <Filter>engine\drawing</Filter>
    </ClInclude>
    <ClInclude Include="..\src\drawing\Renderer2d.h">
      <Filter>engine\drawing</Filter>
    </ClInclude>
    <ClInclude Include="..\src\drawing\RenderItem2d.h">
      <Filter>engine\drawing</Filter>
    </ClInclude>
    <ClInclude Include="..\src\drawing\RenderMesh2d.h">
      <Filter>engine\drawing</Filter>
    </ClInclude>
    <ClInclude Include="..\src\drawing\Camera.h">
      <Filter>engine\drawing</Filter>
    </ClInclude>
    <ClInclude Include="..\src\drawing\WaterRenderer.h">
      <Filter>engine\drawing</Filter>
    </ClInclude>
    <ClInclude Include="..\src\graphics\TextureCubemap.h">
      <Filter>engine\graphics</Filter>
    </ClInclude>
    <ClInclude Include="..\src\graphics\UniformValueCubemap.h">
      <Filter>engine\graphics</Filter>
    </ClInclude>
    <ClInclude Include="..\src\graphics\UniformValueVector3.h">
      <Filter>engine\graphics</Filter>
    </ClInclude>
    <ClInclude Include="..\src\resources\zlib\crc32.h">
      <Filter>engine\resources\zlib</Filter>
    </ClInclude>
    <ClInclude Include="..\src\resources\zlib\deflate.h">
      <Filter>engine\resources\zlib</Filter>
    </ClInclude>
    <ClInclude Include="..\src\resources\zlib\gzguts.h">
      <Filter>engine\resources\zlib</Filter>
    </ClInclude>
    <ClInclude Include="..\src\resources\zlib\inffast.h">
      <Filter>engine\resources\zlib</Filter>
    </ClInclude>
    <ClInclude Include="..\src\resources\zlib\inffixed.h">
      <Filter>engine\resources\zlib</Filter>
    </ClInclude>
    <ClInclude Include="..\src\resources\zlib\inflate.h">
      <Filter>engine\resources\zlib</Filter>
    </ClInclude>
    <ClInclude Include="..\src\resources\zlib\inftrees.h">
      <Filter>engine\resources\zlib</Filter>
    </ClInclude>
    <ClInclude Include="..\src\resources\zlib\trees.h">
      <Filter>engine\resources\zlib</Filter>
    </ClInclude>
    <ClInclude Include="..\src\resources\zlib\zconf.h">
      <Filter>engine\resources\zlib</Filter>
    </ClInclude>
    <ClInclude Include="..\src\resources\zlib\zlib.h">
      <Filter>engine\resources\zlib</Filter>
    </ClInclude>
    <ClInclude Include="..\src\resources\zlib\zutil.h">
      <Filter>engine\resources\zlib</Filter>
    </ClInclude>
    <ClInclude Include="..\src\resources\ContentManager.h">
      <Filter>engine\resources</Filter>
    </ClInclude>
    <ClInclude Include="..\src\resources\resources.h">
      <Filter>engine\resources</Filter>
    </ClInclude>
    <ClInclude Include="..\src\resources\resources_classes.h">
      <Filter>engine\resources</Filter>
    </ClInclude>
    <ClInclude Include="..\src\resources\resources_references.h">
      <Filter>engine\resources</Filter>
    </ClInclude>
    <ClInclude Include="..\src\resources\resources_platform.h">
      <Filter>engine\resources</Filter>
    </ClInclude>
    <ClInclude Include="..\src\resources\ContentProvider.h">
      <Filter>engine\resources</Filter>
    </ClInclude>
    <ClInclude Include="..\src\graphics\EffectConstant.h">
      <Filter>engine\graphics</Filter>
    </ClInclude>
    <ClInclude Include="..\src\graphics\TextureRenderTargetDepth2d.h">
      <Filter>engine\graphics</Filter>
    </ClInclude>
    <ClInclude Include="..\src\drawing\Batcher.h">
      <Filter>engine\drawing</Filter>
    </ClInclude>
    <ClInclude Include="..\src\graphics\RenderConverter.h">
      <Filter>engine\graphics</Filter>
    </ClInclude>
    <ClInclude Include="..\src\spine\spine_classes.h">
      <Filter>engine\spine</Filter>
    </ClInclude>
    <ClInclude Include="..\src\spine\SpineSkeletonResource.h">
      <Filter>engine\spine</Filter>
    </ClInclude>
    <ClInclude Include="..\src\spine\SpineSkeletonAnimation.h">
      <Filter>engine\spine</Filter>
    </ClInclude>
    <ClInclude Include="..\src\spine\SpineAnimationStateData.h">
      <Filter>engine\spine</Filter>
    </ClInclude>
    <ClInclude Include="..\src\spine\SpineAnimationState.h">
      <Filter>engine\spine</Filter>
    </ClInclude>
    <ClInclude Include="..\src\spine\SpineSkeleton.h">
      <Filter>engine\spine</Filter>
    </ClInclude>
    <ClInclude Include="..\src\spine\spine_references.h">
      <Filter>engine\spine</Filter>
    </ClInclude>
    <ClInclude Include="..\src\drawing\PostProcess.h">
      <Filter>engine\drawing</Filter>
    </ClInclude>
    <ClInclude Include="..\src\graphics\EffectsPostProcess.h">
      <Filter>engine\graphics</Filter>
    </ClInclude>
    <ClInclude Include="..\shaders\post_process_bloom_filter_frag.h">
      <Filter>engine\shaders</Filter>
    </ClInclude>
    <ClInclude Include="..\shaders\post_process_vert.h">
      <Filter>engine\shaders</Filter>
    </ClInclude>
    <ClInclude Include="..\shaders\post_process_blur_frag.h">
      <Filter>engine\shaders</Filter>
    </ClInclude>
    <ClInclude Include="..\shaders\post_process_vblur_vert.h">
      <Filter>engine\shaders</Filter>
    </ClInclude>
    <ClInclude Include="..\shaders\post_process_hblur_vert.h">
      <Filter>engine\shaders</Filter>
    </ClInclude>
    <ClInclude Include="..\shaders\post_process_bloom_add_filter_frag.h">
      <Filter>engine\shaders</Filter>
    </ClInclude>
    <ClInclude Include="..\shaders\post_process_tonemapping.h">
      <Filter>engine\shaders</Filter>
    </ClInclude>
    <ClInclude Include="..\shaders\texture_color_highlight_frag.h">
      <Filter>engine\shaders</Filter>
    </ClInclude>
    <ClInclude Include="..\shaders\texture_color_highlight_vert.h">
      <Filter>engine\shaders</Filter>
    </ClInclude>
    <ClInclude Include="..\src\graphics\EffectTextureColorHighlight.h">
      <Filter>engine\graphics</Filter>
    </ClInclude>
    <ClInclude Include="..\shaders\texture_alphamask_color_frag.h">
      <Filter>engine\shaders</Filter>
    </ClInclude>
    <ClInclude Include="..\shaders\texture_alphamask_color_vert.h">
      <Filter>engine\shaders</Filter>
    </ClInclude>
    <ClInclude Include="..\src\graphics\EffectTextureAlphamaskColor.h">
      <Filter>engine\graphics</Filter>
    </ClInclude>
    <ClInclude Include="..\src_poly2tri\poly2tri.h">
      <Filter>third_party\poly2tri</Filter>
    </ClInclude>
    <ClInclude Include="..\src_poly2tri\sweep\advancing_front.h">
      <Filter>third_party\poly2tri\sweep</Filter>
    </ClInclude>
    <ClInclude Include="..\src_poly2tri\sweep\cdt.h">
      <Filter>third_party\poly2tri\sweep</Filter>
    </ClInclude>
    <ClInclude Include="..\src_poly2tri\sweep\sweep.h">
      <Filter>third_party\poly2tri\sweep</Filter>
    </ClInclude>
    <ClInclude Include="..\src_poly2tri\sweep\sweep_context.h">
      <Filter>third_party\poly2tri\sweep</Filter>
    </ClInclude>
    <ClInclude Include="..\src_poly2tri\common\shapes.h">
      <Filter>third_party\poly2tri\common</Filter>
    </ClInclude>
    <ClInclude Include="..\src_poly2tri\common\utils.h">
      <Filter>third_party\poly2tri\common</Filter>
    </ClInclude>
    <ClInclude Include="..\src_clipper\clipper.hpp">
      <Filter>third_party\clipper</Filter>
    </ClInclude>
    <ClInclude Include="..\src\navmesh\NavMesh.h">
      <Filter>engine\navmesh</Filter>
    </ClInclude>
    <ClInclude Include="..\src\navmesh\navmesh_classes.h">
      <Filter>engine\navmesh</Filter>
    </ClInclude>
    <ClInclude Include="..\src\navmesh\navmesh_platform.h">
      <Filter>engine\navmesh</Filter>
    </ClInclude>
    <ClInclude Include="..\src\navmesh\navmesh_references.h">
      <Filter>engine\navmesh</Filter>
    </ClInclude>
    <ClInclude Include="..\src\navmesh\AStar.h">
      <Filter>engine\navmesh</Filter>
    </ClInclude>
    <ClInclude Include="..\src\navmesh\Funnel.h">
      <Filter>engine\navmesh</Filter>
    </ClInclude>
    <ClInclude Include="..\src\navmesh\NavEdges.h">
      <Filter>engine\navmesh</Filter>
    </ClInclude>
    <ClInclude Include="..\src\core\MarchingSquares.h">
      <Filter>engine\core</Filter>
    </ClInclude>
    <ClInclude Include="..\src_box2d\Box2D\Box2D.h">
      <Filter>third_party\box2d</Filter>
    </ClInclude>
    <ClInclude Include="..\src_box2d\Box2D\Rope\b2Rope.h">
      <Filter>third_party\box2d\Rope</Filter>
    </ClInclude>
    <ClInclude Include="..\src_box2d\Box2D\Dynamics\b2Body.h">
      <Filter>third_party\box2d\Dynamics</Filter>
    </ClInclude>
    <ClInclude Include="..\src_box2d\Box2D\Dynamics\b2ContactManager.h">
      <Filter>third_party\box2d\Dynamics</Filter>
    </ClInclude>
    <ClInclude Include="..\src_box2d\Box2D\Dynamics\b2Fixture.h">
      <Filter>third_party\box2d\Dynamics</Filter>
    </ClInclude>
    <ClInclude Include="..\src_box2d\Box2D\Dynamics\b2Island.h">
      <Filter>third_party\box2d\Dynamics</Filter>
    </ClInclude>
    <ClInclude Include="..\src_box2d\Box2D\Dynamics\b2TimeStep.h">
      <Filter>third_party\box2d\Dynamics</Filter>
    </ClInclude>
    <ClInclude Include="..\src_box2d\Box2D\Dynamics\b2World.h">
      <Filter>third_party\box2d\Dynamics</Filter>
    </ClInclude>
    <ClInclude Include="..\src_box2d\Box2D\Dynamics\b2WorldCallbacks.h">
      <Filter>third_party\box2d\Dynamics</Filter>
    </ClInclude>
    <ClInclude Include="..\src_box2d\Box2D\Dynamics\Joints\b2DistanceJoint.h">
      <Filter>third_party\box2d\Dynamics\Joints</Filter>
    </ClInclude>
    <ClInclude Include="..\src_box2d\Box2D\Dynamics\Joints\b2FrictionJoint.h">
      <Filter>third_party\box2d\Dynamics\Joints</Filter>
    </ClInclude>
    <ClInclude Include="..\src_box2d\Box2D\Dynamics\Joints\b2GearJoint.h">
      <Filter>third_party\box2d\Dynamics\Joints</Filter>
    </ClInclude>
    <ClInclude Include="..\src_box2d\Box2D\Dynamics\Joints\b2Joint.h">
      <Filter>third_party\box2d\Dynamics\Joints</Filter>
    </ClInclude>
    <ClInclude Include="..\src_box2d\Box2D\Dynamics\Joints\b2MotorJoint.h">
      <Filter>third_party\box2d\Dynamics\Joints</Filter>
    </ClInclude>
    <ClInclude Include="..\src_box2d\Box2D\Dynamics\Joints\b2MouseJoint.h">
      <Filter>third_party\box2d\Dynamics\Joints</Filter>
    </ClInclude>
    <ClInclude Include="..\src_box2d\Box2D\Dynamics\Joints\b2PrismaticJoint.h">
      <Filter>third_party\box2d\Dynamics\Joints</Filter>
    </ClInclude>
    <ClInclude Include="..\src_box2d\Box2D\Dynamics\Joints\b2PulleyJoint.h">
      <Filter>third_party\box2d\Dynamics\Joints</Filter>
    </ClInclude>
    <ClInclude Include="..\src_box2d\Box2D\Dynamics\Joints\b2RevoluteJoint.h">
      <Filter>third_party\box2d\Dynamics\Joints</Filter>
    </ClInclude>
    <ClInclude Include="..\src_box2d\Box2D\Dynamics\Joints\b2RopeJoint.h">
      <Filter>third_party\box2d\Dynamics\Joints</Filter>
    </ClInclude>
    <ClInclude Include="..\src_box2d\Box2D\Dynamics\Joints\b2WeldJoint.h">
      <Filter>third_party\box2d\Dynamics\Joints</Filter>
    </ClInclude>
    <ClInclude Include="..\src_box2d\Box2D\Dynamics\Joints\b2WheelJoint.h">
      <Filter>third_party\box2d\Dynamics\Joints</Filter>
    </ClInclude>
    <ClInclude Include="..\src_box2d\Box2D\Dynamics\Contacts\b2ChainAndCircleContact.h">
      <Filter>third_party\box2d\Dynamics\Contacts</Filter>
    </ClInclude>
    <ClInclude Include="..\src_box2d\Box2D\Dynamics\Contacts\b2ChainAndPolygonContact.h">
      <Filter>third_party\box2d\Dynamics\Contacts</Filter>
    </ClInclude>
    <ClInclude Include="..\src_box2d\Box2D\Dynamics\Contacts\b2CircleContact.h">
      <Filter>third_party\box2d\Dynamics\Contacts</Filter>
    </ClInclude>
    <ClInclude Include="..\src_box2d\Box2D\Dynamics\Contacts\b2Contact.h">
      <Filter>third_party\box2d\Dynamics\Contacts</Filter>
    </ClInclude>
    <ClInclude Include="..\src_box2d\Box2D\Dynamics\Contacts\b2ContactSolver.h">
      <Filter>third_party\box2d\Dynamics\Contacts</Filter>
    </ClInclude>
    <ClInclude Include="..\src_box2d\Box2D\Dynamics\Contacts\b2EdgeAndCircleContact.h">
      <Filter>third_party\box2d\Dynamics\Contacts</Filter>
    </ClInclude>
    <ClInclude Include="..\src_box2d\Box2D\Dynamics\Contacts\b2EdgeAndPolygonContact.h">
      <Filter>third_party\box2d\Dynamics\Contacts</Filter>
    </ClInclude>
    <ClInclude Include="..\src_box2d\Box2D\Dynamics\Contacts\b2PolygonAndCircleContact.h">
      <Filter>third_party\box2d\Dynamics\Contacts</Filter>
    </ClInclude>
    <ClInclude Include="..\src_box2d\Box2D\Dynamics\Contacts\b2PolygonContact.h">
      <Filter>third_party\box2d\Dynamics\Contacts</Filter>
    </ClInclude>
    <ClInclude Include="..\src_box2d\Box2D\Common\b2BlockAllocator.h">
      <Filter>third_party\box2d\Common</Filter>
    </ClInclude>
    <ClInclude Include="..\src_box2d\Box2D\Common\b2Draw.h">
      <Filter>third_party\box2d\Common</Filter>
    </ClInclude>
    <ClInclude Include="..\src_box2d\Box2D\Common\b2GrowableStack.h">
      <Filter>third_party\box2d\Common</Filter>
    </ClInclude>
    <ClInclude Include="..\src_box2d\Box2D\Common\b2Math.h">
      <Filter>third_party\box2d\Common</Filter>
    </ClInclude>
    <ClInclude Include="..\src_box2d\Box2D\Common\b2Settings.h">
      <Filter>third_party\box2d\Common</Filter>
    </ClInclude>
    <ClInclude Include="..\src_box2d\Box2D\Common\b2StackAllocator.h">
      <Filter>third_party\box2d\Common</Filter>
    </ClInclude>
    <ClInclude Include="..\src_box2d\Box2D\Common\b2Timer.h">
      <Filter>third_party\box2d\Common</Filter>
    </ClInclude>
    <ClInclude Include="..\src_box2d\Box2D\Collision\b2BroadPhase.h">
      <Filter>third_party\box2d\Collision</Filter>
    </ClInclude>
    <ClInclude Include="..\src_box2d\Box2D\Collision\b2Collision.h">
      <Filter>third_party\box2d\Collision</Filter>
    </ClInclude>
    <ClInclude Include="..\src_box2d\Box2D\Collision\b2Distance.h">
      <Filter>third_party\box2d\Collision</Filter>
    </ClInclude>
    <ClInclude Include="..\src_box2d\Box2D\Collision\b2DynamicTree.h">
      <Filter>third_party\box2d\Collision</Filter>
    </ClInclude>
    <ClInclude Include="..\src_box2d\Box2D\Collision\b2TimeOfImpact.h">
      <Filter>third_party\box2d\Collision</Filter>
    </ClInclude>
    <ClInclude Include="..\src_box2d\Box2D\Collision\Shapes\b2ChainShape.h">
      <Filter>third_party\box2d\Collision\Shapes</Filter>
    </ClInclude>
    <ClInclude Include="..\src_box2d\Box2D\Collision\Shapes\b2CircleShape.h">
      <Filter>third_party\box2d\Collision\Shapes</Filter>
    </ClInclude>
    <ClInclude Include="..\src_box2d\Box2D\Collision\Shapes\b2EdgeShape.h">
      <Filter>third_party\box2d\Collision\Shapes</Filter>
    </ClInclude>
    <ClInclude Include="..\src_box2d\Box2D\Collision\Shapes\b2PolygonShape.h">
      <Filter>third_party\box2d\Collision\Shapes</Filter>
    </ClInclude>
    <ClInclude Include="..\src_box2d\Box2D\Collision\Shapes\b2Shape.h">
      <Filter>third_party\box2d\Collision\Shapes</Filter>
    </ClInclude>
    <ClInclude Include="..\src\physics\physics_classes.h">
      <Filter>engine\physics</Filter>
    </ClInclude>
    <ClInclude Include="..\src\physics\physics_references.h">
      <Filter>engine\physics</Filter>
    </ClInclude>
    <ClInclude Include="..\src\physics\physics_platform.h">
      <Filter>engine\physics</Filter>
    </ClInclude>
    <ClInclude Include="..\src\physics\PhysicalWorld.h">
      <Filter>engine\physics</Filter>
    </ClInclude>
    <ClInclude Include="..\src\physics\PhysicalBody.h">
      <Filter>engine\physics</Filter>
    </ClInclude>
    <ClInclude Include="..\src\physics\PhysicalFixture.h">
      <Filter>engine\physics</Filter>
    </ClInclude>
    <ClInclude Include="..\src\physics\PhysicalConverter.h">
      <Filter>engine\physics</Filter>
    </ClInclude>
    <ClInclude Include="..\src\physics\PhysicalFactory.h">
      <Filter>engine\physics</Filter>
    </ClInclude>
    <ClInclude Include="..\src\physics\PhysicalShape.h">
      <Filter>engine\physics</Filter>
    </ClInclude>
    <ClInclude Include="..\src\physics\PhysicalJoint.h">
      <Filter>engine\physics</Filter>
    </ClInclude>
    <ClInclude Include="..\src\core\DebugRender.h">
      <Filter>engine\core</Filter>
    </ClInclude>
    <ClInclude Include="..\src\geometry\TerrainClipper.h">
      <Filter>engine\geometry</Filter>
    </ClInclude>
    <ClInclude Include="..\src\terrain\terrain_classes.h">
      <Filter>engine\terrain</Filter>
    </ClInclude>
    <ClInclude Include="..\src\terrain\terrain_platform.h">
      <Filter>engine\terrain</Filter>
    </ClInclude>
    <ClInclude Include="..\src\terrain\terrain_references.h">
      <Filter>engine\terrain</Filter>
    </ClInclude>
    <ClInclude Include="..\src\terrain\StripeBuilder.h">
      <Filter>engine\terrain</Filter>
    </ClInclude>
    <ClInclude Include="..\src\terrain\TerrainFactory.h">
      <Filter>engine\terrain</Filter>
    </ClInclude>
    <ClInclude Include="..\src\core\Spline.h">
      <Filter>engine\core</Filter>
    </ClInclude>
    <ClInclude Include="..\shaders\module_fog_vert.h">
      <Filter>engine\shaders</Filter>
    </ClInclude>
    <ClInclude Include="..\shaders\texture_color_fog_vert.h">
      <Filter>engine\shaders</Filter>
    </ClInclude>
    <ClInclude Include="..\shaders\texture_color_fog_frag.h">
      <Filter>engine\shaders</Filter>
    </ClInclude>
    <ClInclude Include="..\shaders\post_process_empty_frag.h">
      <Filter>engine\shaders</Filter>
    </ClInclude>
    <ClInclude Include="..\shaders\post_process_color_vert.h">
      <Filter>engine\shaders</Filter>
    </ClInclude>
    <ClInclude Include="..\shaders\post_process_empty_color_frag.h">
      <Filter>engine\shaders</Filter>
    </ClInclude>
    <ClInclude Include="..\src\spine\runtime\Json.h">
      <Filter>engine\spine\runtime</Filter>
    </ClInclude>
    <ClInclude Include="..\shaders\post_process_bloom_depth_add_filter.h">
      <Filter>engine\shaders</Filter>
    </ClInclude>
    <ClInclude Include="..\shaders\post_process_mix_frag.h">
      <Filter>engine\shaders</Filter>
    </ClInclude>
    <ClInclude Include="..\src_rectanglebinpack\GuillotineBinPack.h">
      <Filter>third_party\rectanglebinpack</Filter>
    </ClInclude>
    <ClInclude Include="..\src_rectanglebinpack\MaxRectsBinPack.h">
      <Filter>third_party\rectanglebinpack</Filter>
    </ClInclude>
    <ClInclude Include="..\src_rectanglebinpack\Rect.h">
      <Filter>third_party\rectanglebinpack</Filter>
    </ClInclude>
    <ClInclude Include="..\src_rectanglebinpack\ShelfBinPack.h">
      <Filter>third_party\rectanglebinpack</Filter>
    </ClInclude>
    <ClInclude Include="..\src_rectanglebinpack\ShelfNextFitBinPack.h">
      <Filter>third_party\rectanglebinpack</Filter>
    </ClInclude>
    <ClInclude Include="..\src_rectanglebinpack\SkylineBinPack.h">
      <Filter>third_party\rectanglebinpack</Filter>
    </ClInclude>
    <ClInclude Include="..\src\resources\AtlasPacker.h">
      <Filter>engine\resources</Filter>
    </ClInclude>
    <ClInclude Include="..\src_decompressors\PVRTDecompress.h">
      <Filter>third_party\decompressors</Filter>
    </ClInclude>
    <ClInclude Include="..\shaders\texture_color_rgb_transform_frag.h">
      <Filter>engine\shaders</Filter>
    </ClInclude>
    <ClInclude Include="..\src_decompress_ati\DecompressAtc.h">
      <Filter>third_party\decompress_ati</Filter>
    </ClInclude>
    <ClInclude Include="..\src_etcpack\etcpack_lib.h">
      <Filter>third_party\etcpack</Filter>
    </ClInclude>
    <ClInclude Include="..\shaders\post_process_blur_pass_frag.h">
      <Filter>engine\shaders</Filter>
    </ClInclude>
    <ClInclude Include="..\shaders\post_process_blur_pass_vert.h">
      <Filter>engine\shaders</Filter>
    </ClInclude>
  </ItemGroup>
  <ItemGroup>
    <ClCompile Include="..\..\CommonSources\gen\llgePInvoke.cpp">
      <Filter>common</Filter>
    </ClCompile>
    <ClCompile Include="stdafx.cpp" />
    <ClCompile Include="dllmain.cpp" />
    <ClCompile Include="..\src\core\Math.cpp">
      <Filter>engine\core</Filter>
    </ClCompile>
    <ClCompile Include="..\src\core\Matrix.cpp">
      <Filter>engine\core</Filter>
    </ClCompile>
    <ClCompile Include="..\src\geometry\Aabb2d.cpp">
      <Filter>engine\geometry</Filter>
    </ClCompile>
    <ClCompile Include="..\src\graphics\AttributeInfo.cpp">
      <Filter>engine\graphics</Filter>
    </ClCompile>
    <ClCompile Include="..\src\graphics\Attributes.cpp">
      <Filter>engine\graphics</Filter>
    </ClCompile>
    <ClCompile Include="..\src\graphics\Color.cpp">
      <Filter>engine\graphics</Filter>
    </ClCompile>
    <ClCompile Include="..\src\graphics\Effect.cpp">
      <Filter>engine\graphics</Filter>
    </ClCompile>
    <ClCompile Include="..\src\graphics\EffectBase.cpp">
      <Filter>engine\graphics</Filter>
    </ClCompile>
    <ClCompile Include="..\src\graphics\Effects.cpp">
      <Filter>engine\graphics</Filter>
    </ClCompile>
    <ClCompile Include="..\src\graphics\EffectSolid.cpp">
      <Filter>engine\graphics</Filter>
    </ClCompile>
    <ClCompile Include="..\src\graphics\EffectSolidColor.cpp">
      <Filter>engine\graphics</Filter>
    </ClCompile>
    <ClCompile Include="..\src\graphics\EffectTextureColor.cpp">
      <Filter>engine\graphics</Filter>
    </ClCompile>
    <ClCompile Include="..\src\graphics\Errors.cpp">
      <Filter>engine\graphics</Filter>
    </ClCompile>
    <ClCompile Include="..\src\graphics\GraphicsDevice.cpp">
      <Filter>engine\graphics</Filter>
    </ClCompile>
    <ClCompile Include="..\src\graphics\Image2dData.cpp">
      <Filter>engine\graphics</Filter>
    </ClCompile>
    <ClCompile Include="..\src\graphics\RenderState.cpp">
      <Filter>engine\graphics</Filter>
    </ClCompile>
    <ClCompile Include="..\src\graphics\Texture.cpp">
      <Filter>engine\graphics</Filter>
    </ClCompile>
    <ClCompile Include="..\src\graphics\TextureImage2d.cpp">
      <Filter>engine\graphics</Filter>
    </ClCompile>
    <ClCompile Include="..\src\graphics\TextureLoader.cpp">
      <Filter>engine\graphics</Filter>
    </ClCompile>
    <ClCompile Include="..\src\graphics\TextureRenderTarget2d.cpp">
      <Filter>engine\graphics</Filter>
    </ClCompile>
    <ClCompile Include="..\src\graphics\Uniform.cpp">
      <Filter>engine\graphics</Filter>
    </ClCompile>
    <ClCompile Include="..\src\graphics\UniformInfo.cpp">
      <Filter>engine\graphics</Filter>
    </ClCompile>
    <ClCompile Include="..\src\graphics\Uniforms.cpp">
      <Filter>engine\graphics</Filter>
    </ClCompile>
    <ClCompile Include="..\src\graphics\UniformValue.cpp">
      <Filter>engine\graphics</Filter>
    </ClCompile>
    <ClCompile Include="..\src\graphics\UniformValueFloat.cpp">
      <Filter>engine\graphics</Filter>
    </ClCompile>
    <ClCompile Include="..\src\graphics\UniformValueMatrix.cpp">
      <Filter>engine\graphics</Filter>
    </ClCompile>
    <ClCompile Include="..\src\graphics\UniformValueTexture.cpp">
      <Filter>engine\graphics</Filter>
    </ClCompile>
    <ClCompile Include="..\src\graphics\VertexFormat.cpp">
      <Filter>engine\graphics</Filter>
    </ClCompile>
    <ClCompile Include="..\src\graphics\VertexFormats.cpp">
      <Filter>engine\graphics</Filter>
    </ClCompile>
    <ClCompile Include="..\src\exports\llge.cpp">
      <Filter>exports</Filter>
    </ClCompile>
    <ClCompile Include="..\src\exports\llgeGraphics.cpp">
      <Filter>exports</Filter>
    </ClCompile>
    <ClCompile Include="..\src\exports\llgeGeometry.cpp">
      <Filter>exports</Filter>
    </ClCompile>
    <ClCompile Include="..\src\graphics\EffectTextureLightMapColor.cpp">
      <Filter>engine\graphics</Filter>
    </ClCompile>
    <ClCompile Include="..\src\graphics\VertexBuffer.cpp">
      <Filter>engine\graphics</Filter>
    </ClCompile>
    <ClCompile Include="..\src\graphics\StaticBatch.cpp">
      <Filter>engine\graphics</Filter>
    </ClCompile>
    <ClCompile Include="..\src\core\BasicTest.cpp">
      <Filter>engine\core</Filter>
    </ClCompile>
    <ClCompile Include="..\src\core\SystemAllocationPolicy.cpp">
      <Filter>engine\core</Filter>
    </ClCompile>
    <ClCompile Include="..\src\core\HollowsAllocationPolicy.cpp">
      <Filter>engine\core</Filter>
    </ClCompile>
    <ClCompile Include="..\src\drawing\Renderer2d.cpp">
      <Filter>engine\drawing</Filter>
    </ClCompile>
    <ClCompile Include="..\src\drawing\RenderItem2d.cpp">
      <Filter>engine\drawing</Filter>
    </ClCompile>
    <ClCompile Include="..\src\drawing\RenderMesh2d.cpp">
      <Filter>engine\drawing</Filter>
    </ClCompile>
    <ClCompile Include="..\src\drawing\Camera.cpp">
      <Filter>engine\drawing</Filter>
    </ClCompile>
    <ClCompile Include="..\src\drawing\WaterRenderer.cpp">
      <Filter>engine\drawing</Filter>
    </ClCompile>
    <ClCompile Include="..\src\graphics\TextureCubemap.cpp">
      <Filter>engine\graphics</Filter>
    </ClCompile>
    <ClCompile Include="..\src\graphics\UniformValueCubemap.cpp">
      <Filter>engine\graphics</Filter>
    </ClCompile>
    <ClCompile Include="..\src\graphics\UniformValueVector3.cpp">
      <Filter>engine\graphics</Filter>
    </ClCompile>
    <ClCompile Include="..\src\resources\zlib\adler32.c">
      <Filter>engine\resources\zlib</Filter>
    </ClCompile>
    <ClCompile Include="..\src\resources\zlib\compress.c">
      <Filter>engine\resources\zlib</Filter>
    </ClCompile>
    <ClCompile Include="..\src\resources\zlib\crc32.c">
      <Filter>engine\resources\zlib</Filter>
    </ClCompile>
    <ClCompile Include="..\src\resources\zlib\deflate.c">
      <Filter>engine\resources\zlib</Filter>
    </ClCompile>
    <ClCompile Include="..\src\resources\zlib\gzclose.c">
      <Filter>engine\resources\zlib</Filter>
    </ClCompile>
    <ClCompile Include="..\src\resources\zlib\gzlib.c">
      <Filter>engine\resources\zlib</Filter>
    </ClCompile>
    <ClCompile Include="..\src\resources\zlib\gzread.c">
      <Filter>engine\resources\zlib</Filter>
    </ClCompile>
    <ClCompile Include="..\src\resources\zlib\gzwrite.c">
      <Filter>engine\resources\zlib</Filter>
    </ClCompile>
    <ClCompile Include="..\src\resources\zlib\infback.c">
      <Filter>engine\resources\zlib</Filter>
    </ClCompile>
    <ClCompile Include="..\src\resources\zlib\inffast.c">
      <Filter>engine\resources\zlib</Filter>
    </ClCompile>
    <ClCompile Include="..\src\resources\zlib\inflate.c">
      <Filter>engine\resources\zlib</Filter>
    </ClCompile>
    <ClCompile Include="..\src\resources\zlib\inftrees.c">
      <Filter>engine\resources\zlib</Filter>
    </ClCompile>
    <ClCompile Include="..\src\resources\zlib\trees.c">
      <Filter>engine\resources\zlib</Filter>
    </ClCompile>
    <ClCompile Include="..\src\resources\zlib\uncompr.c">
      <Filter>engine\resources\zlib</Filter>
    </ClCompile>
    <ClCompile Include="..\src\resources\zlib\zutil.c">
      <Filter>engine\resources\zlib</Filter>
    </ClCompile>
    <ClCompile Include="..\src\resources\lpng\png.c">
      <Filter>engine\resources\lpng</Filter>
    </ClCompile>
    <ClCompile Include="..\src\resources\lpng\pngerror.c">
      <Filter>engine\resources\lpng</Filter>
    </ClCompile>
    <ClCompile Include="..\src\resources\lpng\pngget.c">
      <Filter>engine\resources\lpng</Filter>
    </ClCompile>
    <ClCompile Include="..\src\resources\lpng\pngmem.c">
      <Filter>engine\resources\lpng</Filter>
    </ClCompile>
    <ClCompile Include="..\src\resources\lpng\pngpread.c">
      <Filter>engine\resources\lpng</Filter>
    </ClCompile>
    <ClCompile Include="..\src\resources\lpng\pngread.c">
      <Filter>engine\resources\lpng</Filter>
    </ClCompile>
    <ClCompile Include="..\src\resources\lpng\pngrio.c">
      <Filter>engine\resources\lpng</Filter>
    </ClCompile>
    <ClCompile Include="..\src\resources\lpng\pngrtran.c">
      <Filter>engine\resources\lpng</Filter>
    </ClCompile>
    <ClCompile Include="..\src\resources\lpng\pngrutil.c">
      <Filter>engine\resources\lpng</Filter>
    </ClCompile>
    <ClCompile Include="..\src\resources\lpng\pngset.c">
      <Filter>engine\resources\lpng</Filter>
    </ClCompile>
    <ClCompile Include="..\src\resources\lpng\pngtest.c">
      <Filter>engine\resources\lpng</Filter>
    </ClCompile>
    <ClCompile Include="..\src\resources\lpng\pngtrans.c">
      <Filter>engine\resources\lpng</Filter>
    </ClCompile>
    <ClCompile Include="..\src\resources\lpng\pngwio.c">
      <Filter>engine\resources\lpng</Filter>
    </ClCompile>
    <ClCompile Include="..\src\resources\lpng\pngwrite.c">
      <Filter>engine\resources\lpng</Filter>
    </ClCompile>
    <ClCompile Include="..\src\resources\lpng\pngwtran.c">
      <Filter>engine\resources\lpng</Filter>
    </ClCompile>
    <ClCompile Include="..\src\resources\lpng\pngwutil.c">
      <Filter>engine\resources\lpng</Filter>
    </ClCompile>
    <ClCompile Include="..\src\resources\ContentManager.cpp">
      <Filter>engine\resources</Filter>
    </ClCompile>
    <ClCompile Include="..\src\resources\ContentProviderWindows.cpp">
      <Filter>engine\resources</Filter>
    </ClCompile>
    <ClCompile Include="..\src\graphics\EffectConstant.cpp">
      <Filter>engine\graphics</Filter>
    </ClCompile>
    <ClCompile Include="..\src\exports\llgeResources.cpp">
      <Filter>exports</Filter>
    </ClCompile>
    <ClCompile Include="..\src\graphics\TextureRenderTargetDepth2d.cpp">
      <Filter>engine\graphics</Filter>
    </ClCompile>
    <ClCompile Include="..\src\exports\llgeDrawing.cpp">
      <Filter>exports</Filter>
    </ClCompile>
    <ClCompile Include="..\src\resources\ContentProviderObb.cpp">
      <Filter>engine\resources</Filter>
    </ClCompile>
    <ClCompile Include="..\src\drawing\Batcher.cpp">
      <Filter>engine\drawing</Filter>
    </ClCompile>
    <ClCompile Include="..\src\graphics\RenderConverter.cpp">
      <Filter>engine\graphics</Filter>
    </ClCompile>
    <ClCompile Include="..\src\spine\spine.cpp">
      <Filter>engine\spine</Filter>
    </ClCompile>
    <ClCompile Include="..\src\spine\SpineSkeleton.cpp">
      <Filter>engine\spine</Filter>
    </ClCompile>
    <ClCompile Include="..\src\spine\SpineSkeletonResource.cpp">
      <Filter>engine\spine</Filter>
    </ClCompile>
    <ClCompile Include="..\src\spine\SpineSkeletonAnimation.cpp">
      <Filter>engine\spine</Filter>
    </ClCompile>
    <ClCompile Include="..\src\spine\SpineAnimationStateData.cpp">
      <Filter>engine\spine</Filter>
    </ClCompile>
    <ClCompile Include="..\src\spine\SpineAnimationState.cpp">
      <Filter>engine\spine</Filter>
    </ClCompile>
    <ClCompile Include="..\src\drawing\PostProcess.cpp">
      <Filter>engine\drawing</Filter>
    </ClCompile>
    <ClCompile Include="..\src\graphics\EffectsPostProcess.cpp">
      <Filter>engine\graphics</Filter>
    </ClCompile>
    <ClCompile Include="..\src\graphics\EffectTextureColorHighlight.cpp">
      <Filter>engine\graphics</Filter>
    </ClCompile>
    <ClCompile Include="..\src\graphics\EffectTextureAlphamaskColor.cpp">
      <Filter>engine\graphics</Filter>
    </ClCompile>
    <ClCompile Include="..\src_poly2tri\sweep\advancing_front.cc">
      <Filter>third_party\poly2tri\sweep</Filter>
    </ClCompile>
    <ClCompile Include="..\src_poly2tri\sweep\cdt.cc">
      <Filter>third_party\poly2tri\sweep</Filter>
    </ClCompile>
    <ClCompile Include="..\src_poly2tri\sweep\sweep.cc">
      <Filter>third_party\poly2tri\sweep</Filter>
    </ClCompile>
    <ClCompile Include="..\src_poly2tri\sweep\sweep_context.cc">
      <Filter>third_party\poly2tri\sweep</Filter>
    </ClCompile>
    <ClCompile Include="..\src_poly2tri\common\shapes.cc">
      <Filter>third_party\poly2tri\common</Filter>
    </ClCompile>
    <ClCompile Include="..\src_clipper\clipper.cpp">
      <Filter>third_party\clipper</Filter>
    </ClCompile>
    <ClCompile Include="..\src\navmesh\NavMesh.cpp">
      <Filter>engine\navmesh</Filter>
    </ClCompile>
    <ClCompile Include="..\src\core\Vector.cpp">
      <Filter>engine\core</Filter>
    </ClCompile>
    <ClCompile Include="..\src\navmesh\AStar.cpp">
      <Filter>engine\navmesh</Filter>
    </ClCompile>
    <ClCompile Include="..\src\navmesh\Funnel.cpp">
      <Filter>engine\navmesh</Filter>
    </ClCompile>
    <ClCompile Include="..\src\navmesh\NavEdges.cpp">
      <Filter>engine\navmesh</Filter>
    </ClCompile>
    <ClCompile Include="..\src\core\MarchingSquares.cpp">
      <Filter>engine\core</Filter>
    </ClCompile>
    <ClCompile Include="..\src_box2d\Box2D\Rope\b2Rope.cpp">
      <Filter>third_party\box2d\Rope</Filter>
    </ClCompile>
    <ClCompile Include="..\src_box2d\Box2D\Dynamics\b2Body.cpp">
      <Filter>third_party\box2d\Dynamics</Filter>
    </ClCompile>
    <ClCompile Include="..\src_box2d\Box2D\Dynamics\b2ContactManager.cpp">
      <Filter>third_party\box2d\Dynamics</Filter>
    </ClCompile>
    <ClCompile Include="..\src_box2d\Box2D\Dynamics\b2Fixture.cpp">
      <Filter>third_party\box2d\Dynamics</Filter>
    </ClCompile>
    <ClCompile Include="..\src_box2d\Box2D\Dynamics\b2Island.cpp">
      <Filter>third_party\box2d\Dynamics</Filter>
    </ClCompile>
    <ClCompile Include="..\src_box2d\Box2D\Dynamics\b2World.cpp">
      <Filter>third_party\box2d\Dynamics</Filter>
    </ClCompile>
    <ClCompile Include="..\src_box2d\Box2D\Dynamics\b2WorldCallbacks.cpp">
      <Filter>third_party\box2d\Dynamics</Filter>
    </ClCompile>
    <ClCompile Include="..\src_box2d\Box2D\Dynamics\Joints\b2DistanceJoint.cpp">
      <Filter>third_party\box2d\Dynamics\Joints</Filter>
    </ClCompile>
    <ClCompile Include="..\src_box2d\Box2D\Dynamics\Joints\b2FrictionJoint.cpp">
      <Filter>third_party\box2d\Dynamics\Joints</Filter>
    </ClCompile>
    <ClCompile Include="..\src_box2d\Box2D\Dynamics\Joints\b2GearJoint.cpp">
      <Filter>third_party\box2d\Dynamics\Joints</Filter>
    </ClCompile>
    <ClCompile Include="..\src_box2d\Box2D\Dynamics\Joints\b2Joint.cpp">
      <Filter>third_party\box2d\Dynamics\Joints</Filter>
    </ClCompile>
    <ClCompile Include="..\src_box2d\Box2D\Dynamics\Joints\b2MotorJoint.cpp">
      <Filter>third_party\box2d\Dynamics\Joints</Filter>
    </ClCompile>
    <ClCompile Include="..\src_box2d\Box2D\Dynamics\Joints\b2MouseJoint.cpp">
      <Filter>third_party\box2d\Dynamics\Joints</Filter>
    </ClCompile>
    <ClCompile Include="..\src_box2d\Box2D\Dynamics\Joints\b2PrismaticJoint.cpp">
      <Filter>third_party\box2d\Dynamics\Joints</Filter>
    </ClCompile>
    <ClCompile Include="..\src_box2d\Box2D\Dynamics\Joints\b2PulleyJoint.cpp">
      <Filter>third_party\box2d\Dynamics\Joints</Filter>
    </ClCompile>
    <ClCompile Include="..\src_box2d\Box2D\Dynamics\Joints\b2RevoluteJoint.cpp">
      <Filter>third_party\box2d\Dynamics\Joints</Filter>
    </ClCompile>
    <ClCompile Include="..\src_box2d\Box2D\Dynamics\Joints\b2RopeJoint.cpp">
      <Filter>third_party\box2d\Dynamics\Joints</Filter>
    </ClCompile>
    <ClCompile Include="..\src_box2d\Box2D\Dynamics\Joints\b2WeldJoint.cpp">
      <Filter>third_party\box2d\Dynamics\Joints</Filter>
    </ClCompile>
    <ClCompile Include="..\src_box2d\Box2D\Dynamics\Joints\b2WheelJoint.cpp">
      <Filter>third_party\box2d\Dynamics\Joints</Filter>
    </ClCompile>
    <ClCompile Include="..\src_box2d\Box2D\Dynamics\Contacts\b2ChainAndCircleContact.cpp">
      <Filter>third_party\box2d\Dynamics\Contacts</Filter>
    </ClCompile>
    <ClCompile Include="..\src_box2d\Box2D\Dynamics\Contacts\b2ChainAndPolygonContact.cpp">
      <Filter>third_party\box2d\Dynamics\Contacts</Filter>
    </ClCompile>
    <ClCompile Include="..\src_box2d\Box2D\Dynamics\Contacts\b2CircleContact.cpp">
      <Filter>third_party\box2d\Dynamics\Contacts</Filter>
    </ClCompile>
    <ClCompile Include="..\src_box2d\Box2D\Dynamics\Contacts\b2Contact.cpp">
      <Filter>third_party\box2d\Dynamics\Contacts</Filter>
    </ClCompile>
    <ClCompile Include="..\src_box2d\Box2D\Dynamics\Contacts\b2ContactSolver.cpp">
      <Filter>third_party\box2d\Dynamics\Contacts</Filter>
    </ClCompile>
    <ClCompile Include="..\src_box2d\Box2D\Dynamics\Contacts\b2EdgeAndCircleContact.cpp">
      <Filter>third_party\box2d\Dynamics\Contacts</Filter>
    </ClCompile>
    <ClCompile Include="..\src_box2d\Box2D\Dynamics\Contacts\b2EdgeAndPolygonContact.cpp">
      <Filter>third_party\box2d\Dynamics\Contacts</Filter>
    </ClCompile>
    <ClCompile Include="..\src_box2d\Box2D\Dynamics\Contacts\b2PolygonAndCircleContact.cpp">
      <Filter>third_party\box2d\Dynamics\Contacts</Filter>
    </ClCompile>
    <ClCompile Include="..\src_box2d\Box2D\Dynamics\Contacts\b2PolygonContact.cpp">
      <Filter>third_party\box2d\Dynamics\Contacts</Filter>
    </ClCompile>
    <ClCompile Include="..\src_box2d\Box2D\Common\b2BlockAllocator.cpp">
      <Filter>third_party\box2d\Common</Filter>
    </ClCompile>
    <ClCompile Include="..\src_box2d\Box2D\Common\b2Draw.cpp">
      <Filter>third_party\box2d\Common</Filter>
    </ClCompile>
    <ClCompile Include="..\src_box2d\Box2D\Common\b2Math.cpp">
      <Filter>third_party\box2d\Common</Filter>
    </ClCompile>
    <ClCompile Include="..\src_box2d\Box2D\Common\b2Settings.cpp">
      <Filter>third_party\box2d\Common</Filter>
    </ClCompile>
    <ClCompile Include="..\src_box2d\Box2D\Common\b2StackAllocator.cpp">
      <Filter>third_party\box2d\Common</Filter>
    </ClCompile>
    <ClCompile Include="..\src_box2d\Box2D\Common\b2Timer.cpp">
      <Filter>third_party\box2d\Common</Filter>
    </ClCompile>
    <ClCompile Include="..\src_box2d\Box2D\Collision\b2BroadPhase.cpp">
      <Filter>third_party\box2d\Collision</Filter>
    </ClCompile>
    <ClCompile Include="..\src_box2d\Box2D\Collision\b2CollideCircle.cpp">
      <Filter>third_party\box2d\Collision</Filter>
    </ClCompile>
    <ClCompile Include="..\src_box2d\Box2D\Collision\b2CollideEdge.cpp">
      <Filter>third_party\box2d\Collision</Filter>
    </ClCompile>
    <ClCompile Include="..\src_box2d\Box2D\Collision\b2CollidePolygon.cpp">
      <Filter>third_party\box2d\Collision</Filter>
    </ClCompile>
    <ClCompile Include="..\src_box2d\Box2D\Collision\b2Collision.cpp">
      <Filter>third_party\box2d\Collision</Filter>
    </ClCompile>
    <ClCompile Include="..\src_box2d\Box2D\Collision\b2Distance.cpp">
      <Filter>third_party\box2d\Collision</Filter>
    </ClCompile>
    <ClCompile Include="..\src_box2d\Box2D\Collision\b2DynamicTree.cpp">
      <Filter>third_party\box2d\Collision</Filter>
    </ClCompile>
    <ClCompile Include="..\src_box2d\Box2D\Collision\b2TimeOfImpact.cpp">
      <Filter>third_party\box2d\Collision</Filter>
    </ClCompile>
    <ClCompile Include="..\src_box2d\Box2D\Collision\Shapes\b2ChainShape.cpp">
      <Filter>third_party\box2d\Collision\Shapes</Filter>
    </ClCompile>
    <ClCompile Include="..\src_box2d\Box2D\Collision\Shapes\b2CircleShape.cpp">
      <Filter>third_party\box2d\Collision\Shapes</Filter>
    </ClCompile>
    <ClCompile Include="..\src_box2d\Box2D\Collision\Shapes\b2EdgeShape.cpp">
      <Filter>third_party\box2d\Collision\Shapes</Filter>
    </ClCompile>
    <ClCompile Include="..\src_box2d\Box2D\Collision\Shapes\b2PolygonShape.cpp">
      <Filter>third_party\box2d\Collision\Shapes</Filter>
    </ClCompile>
    <ClCompile Include="..\src\physics\PhysicalWorld.cpp">
      <Filter>engine\physics</Filter>
    </ClCompile>
    <ClCompile Include="..\src\physics\PhysicalBody.cpp">
      <Filter>engine\physics</Filter>
    </ClCompile>
    <ClCompile Include="..\src\physics\PhysicalFixture.cpp">
      <Filter>engine\physics</Filter>
    </ClCompile>
    <ClCompile Include="..\src\physics\PhysicalConverter.cpp">
      <Filter>engine\physics</Filter>
    </ClCompile>
    <ClCompile Include="..\src\physics\PhysicalFactory.cpp">
      <Filter>engine\physics</Filter>
    </ClCompile>
    <ClCompile Include="..\src\physics\PhysicalShape.cpp">
      <Filter>engine\physics</Filter>
    </ClCompile>
    <ClCompile Include="..\src\physics\PhysicalJoint.cpp">
      <Filter>engine\physics</Filter>
    </ClCompile>
    <ClCompile Include="..\src\core\DebugRender.cpp">
      <Filter>engine\core</Filter>
    </ClCompile>
    <ClCompile Include="..\src\geometry\TerrainClipper.cpp">
      <Filter>engine\geometry</Filter>
    </ClCompile>
    <ClCompile Include="..\src\terrain\StripeBuilder.cpp">
      <Filter>engine\terrain</Filter>
    </ClCompile>
    <ClCompile Include="..\src\terrain\TerrainFactory.cpp">
      <Filter>engine\terrain</Filter>
    </ClCompile>
    <ClCompile Include="..\src\core\Spline.cpp">
      <Filter>engine\core</Filter>
    </ClCompile>
    <ClCompile Include="..\src\spine\runtime\Animation.c">
      <Filter>engine\spine\runtime</Filter>
    </ClCompile>
    <ClCompile Include="..\src\spine\runtime\AnimationState.c">
      <Filter>engine\spine\runtime</Filter>
    </ClCompile>
    <ClCompile Include="..\src\spine\runtime\AnimationStateData.c">
      <Filter>engine\spine\runtime</Filter>
    </ClCompile>
    <ClCompile Include="..\src\spine\runtime\Atlas.c">
      <Filter>engine\spine\runtime</Filter>
    </ClCompile>
    <ClCompile Include="..\src\spine\runtime\AtlasAttachmentLoader.c">
      <Filter>engine\spine\runtime</Filter>
    </ClCompile>
    <ClCompile Include="..\src\spine\runtime\Attachment.c">
      <Filter>engine\spine\runtime</Filter>
    </ClCompile>
    <ClCompile Include="..\src\spine\runtime\AttachmentLoader.c">
      <Filter>engine\spine\runtime</Filter>
    </ClCompile>
    <ClCompile Include="..\src\spine\runtime\Bone.c">
      <Filter>engine\spine\runtime</Filter>
    </ClCompile>
    <ClCompile Include="..\src\spine\runtime\BoneData.c">
      <Filter>engine\spine\runtime</Filter>
    </ClCompile>
    <ClCompile Include="..\src\spine\runtime\BoundingBoxAttachment.c">
      <Filter>engine\spine\runtime</Filter>
    </ClCompile>
    <ClCompile Include="..\src\spine\runtime\Event.c">
      <Filter>engine\spine\runtime</Filter>
    </ClCompile>
    <ClCompile Include="..\src\spine\runtime\EventData.c">
      <Filter>engine\spine\runtime</Filter>
    </ClCompile>
    <ClCompile Include="..\src\spine\runtime\extension.c">
      <Filter>engine\spine\runtime</Filter>
    </ClCompile>
    <ClCompile Include="..\src\spine\runtime\IkConstraint.c">
      <Filter>engine\spine\runtime</Filter>
    </ClCompile>
    <ClCompile Include="..\src\spine\runtime\IkConstraintData.c">
      <Filter>engine\spine\runtime</Filter>
    </ClCompile>
    <ClCompile Include="..\src\spine\runtime\Json.c">
      <Filter>engine\spine\runtime</Filter>
    </ClCompile>
    <ClCompile Include="..\src\spine\runtime\MeshAttachment.c">
      <Filter>engine\spine\runtime</Filter>
    </ClCompile>
    <ClCompile Include="..\src\spine\runtime\PathAttachment.c">
      <Filter>engine\spine\runtime</Filter>
    </ClCompile>
    <ClCompile Include="..\src\spine\runtime\PathConstraint.c">
      <Filter>engine\spine\runtime</Filter>
    </ClCompile>
    <ClCompile Include="..\src\spine\runtime\PathConstraintData.c">
      <Filter>engine\spine\runtime</Filter>
    </ClCompile>
    <ClCompile Include="..\src\spine\runtime\RegionAttachment.c">
      <Filter>engine\spine\runtime</Filter>
    </ClCompile>
    <ClCompile Include="..\src\spine\runtime\Skeleton.c">
      <Filter>engine\spine\runtime</Filter>
    </ClCompile>
    <ClCompile Include="..\src\spine\runtime\SkeletonBounds.c">
      <Filter>engine\spine\runtime</Filter>
    </ClCompile>
    <ClCompile Include="..\src\spine\runtime\SkeletonData.c">
      <Filter>engine\spine\runtime</Filter>
    </ClCompile>
    <ClCompile Include="..\src\spine\runtime\SkeletonJson.c">
      <Filter>engine\spine\runtime</Filter>
    </ClCompile>
    <ClCompile Include="..\src\spine\runtime\Skin.c">
      <Filter>engine\spine\runtime</Filter>
    </ClCompile>
    <ClCompile Include="..\src\spine\runtime\Slot.c">
      <Filter>engine\spine\runtime</Filter>
    </ClCompile>
    <ClCompile Include="..\src\spine\runtime\SlotData.c">
      <Filter>engine\spine\runtime</Filter>
    </ClCompile>
    <ClCompile Include="..\src\spine\runtime\TransformConstraint.c">
      <Filter>engine\spine\runtime</Filter>
    </ClCompile>
    <ClCompile Include="..\src\spine\runtime\TransformConstraintData.c">
      <Filter>engine\spine\runtime</Filter>
    </ClCompile>
    <ClCompile Include="..\src\spine\runtime\VertexAttachment.c">
      <Filter>engine\spine\runtime</Filter>
    </ClCompile>
    <ClCompile Include="..\src_rectanglebinpack\GuillotineBinPack.cpp">
      <Filter>third_party\rectanglebinpack</Filter>
    </ClCompile>
    <ClCompile Include="..\src_rectanglebinpack\MaxRectsBinPack.cpp">
      <Filter>third_party\rectanglebinpack</Filter>
    </ClCompile>
    <ClCompile Include="..\src_rectanglebinpack\Rect.cpp">
      <Filter>third_party\rectanglebinpack</Filter>
    </ClCompile>
    <ClCompile Include="..\src_rectanglebinpack\ShelfBinPack.cpp">
      <Filter>third_party\rectanglebinpack</Filter>
    </ClCompile>
    <ClCompile Include="..\src_rectanglebinpack\ShelfNextFitBinPack.cpp">
      <Filter>third_party\rectanglebinpack</Filter>
    </ClCompile>
    <ClCompile Include="..\src_rectanglebinpack\SkylineBinPack.cpp">
      <Filter>third_party\rectanglebinpack</Filter>
    </ClCompile>
    <ClCompile Include="..\src\resources\AtlasPacker.cpp">
      <Filter>engine\resources</Filter>
    </ClCompile>
    <ClCompile Include="..\src_decompressors\PVRTDecompress.cpp">
      <Filter>third_party\decompressors</Filter>
    </ClCompile>
    <ClCompile Include="..\src_decompress_ati\DecompressAtc.cpp">
      <Filter>third_party\decompress_ati</Filter>
    </ClCompile>
    <ClCompile Include="..\src_etcpack\source_edit\etcpack.cpp">
      <Filter>third_party\etcpack\source_edit</Filter>
    </ClCompile>
    <ClCompile Include="..\src_etcpack\source_edit\etcdec.cpp">
      <Filter>third_party\etcpack\source_edit</Filter>
    </ClCompile>
  </ItemGroup>
</Project>