<?xml version="1.0" encoding="utf-8"?>
<Project ToolsVersion="4.0" xmlns="http://schemas.microsoft.com/developer/msbuild/2003">
  <ItemGroup>
    <Filter Include="core">
      <UniqueIdentifier>{fc049044-9e3f-4ecb-b8f8-541a36e33886}</UniqueIdentifier>
    </Filter>
    <Filter Include="graphics">
      <UniqueIdentifier>{ee58e0fc-0a4b-48bf-bf4d-f409427ea5a6}</UniqueIdentifier>
    </Filter>
    <Filter Include="geometry">
      <UniqueIdentifier>{38afac63-3a37-4eb0-a0ce-5606ce2f1b4c}</UniqueIdentifier>
    </Filter>
    <Filter Include="entities">
      <UniqueIdentifier>{78ea6e7c-d9e8-4ac5-9bdb-8c67365e777e}</UniqueIdentifier>
    </Filter>
    <Filter Include="exports">
      <UniqueIdentifier>{6c50707c-2f2a-4e4d-bb55-718fee7238d8}</UniqueIdentifier>
    </Filter>
    <Filter Include="common">
      <UniqueIdentifier>{52296692-4906-4308-88b5-5d16497cca62}</UniqueIdentifier>
    </Filter>
    <Filter Include="shaders">
      <UniqueIdentifier>{f56f7ea8-0aaf-4aed-ab59-4898beff468c}</UniqueIdentifier>
    </Filter>
  </ItemGroup>
  <ItemGroup>
    <ClInclude Include="..\..\CommonSources\include\llge.h">
      <Filter>common</Filter>
    </ClInclude>
    <ClInclude Include="stdafx.h" />
    <ClInclude Include="targetver.h" />
    <ClInclude Include="..\src\core\core_classes.h">
      <Filter>core</Filter>
    </ClInclude>
    <ClInclude Include="..\src\core\core_platform.h">
      <Filter>core</Filter>
    </ClInclude>
    <ClInclude Include="..\src\core\Lazy.h">
      <Filter>core</Filter>
    </ClInclude>
    <ClInclude Include="..\src\core\Math.h">
      <Filter>core</Filter>
    </ClInclude>
    <ClInclude Include="..\src\core\Matrix.h">
      <Filter>core</Filter>
    </ClInclude>
    <ClInclude Include="..\src\core\StaticArray.h">
      <Filter>core</Filter>
    </ClInclude>
    <ClInclude Include="..\src\core\Vector.h">
      <Filter>core</Filter>
    </ClInclude>
    <ClInclude Include="..\src\entities\ComponentTransform2d.h">
      <Filter>entities</Filter>
    </ClInclude>
    <ClInclude Include="..\src\entities\entities_classes.h">
      <Filter>entities</Filter>
    </ClInclude>
    <ClInclude Include="..\src\entities\entities_platform.h">
      <Filter>entities</Filter>
    </ClInclude>
    <ClInclude Include="..\src\entities\entities_references.h">
      <Filter>entities</Filter>
    </ClInclude>
    <ClInclude Include="..\src\entities\entity.h">
      <Filter>entities</Filter>
    </ClInclude>
    <ClInclude Include="..\src\entities\SystemTransform2d.h">
      <Filter>entities</Filter>
    </ClInclude>
    <ClInclude Include="..\src\geometry\Aabb2d.h">
      <Filter>geometry</Filter>
    </ClInclude>
    <ClInclude Include="..\src\geometry\geometry_classes.h">
      <Filter>geometry</Filter>
    </ClInclude>
    <ClInclude Include="..\src\geometry\geometry_platform.h">
      <Filter>geometry</Filter>
    </ClInclude>
    <ClInclude Include="..\src\geometry\geometry_references.h">
      <Filter>geometry</Filter>
    </ClInclude>
    <ClInclude Include="..\src\geometry\Quadtree2d.h">
      <Filter>geometry</Filter>
    </ClInclude>
    <ClInclude Include="..\src\geometry\Quadtree2dItem.h">
      <Filter>geometry</Filter>
    </ClInclude>
    <ClInclude Include="..\src\geometry\Quadtree2dItemList.h">
      <Filter>geometry</Filter>
    </ClInclude>
    <ClInclude Include="..\src\geometry\Quadtree2dNode.h">
      <Filter>geometry</Filter>
    </ClInclude>
    <ClInclude Include="..\src\graphics\AttributeInfo.h">
      <Filter>graphics</Filter>
    </ClInclude>
    <ClInclude Include="..\src\graphics\Attributes.h">
      <Filter>graphics</Filter>
    </ClInclude>
    <ClInclude Include="..\src\graphics\Color.h">
      <Filter>graphics</Filter>
    </ClInclude>
    <ClInclude Include="..\src\graphics\Effect.h">
      <Filter>graphics</Filter>
    </ClInclude>
    <ClInclude Include="..\src\graphics\EffectBase.h">
      <Filter>graphics</Filter>
    </ClInclude>
    <ClInclude Include="..\src\graphics\Effects.h">
      <Filter>graphics</Filter>
    </ClInclude>
    <ClInclude Include="..\src\graphics\EffectSolid.h">
      <Filter>graphics</Filter>
    </ClInclude>
    <ClInclude Include="..\src\graphics\EffectSolidColor.h">
      <Filter>graphics</Filter>
    </ClInclude>
    <ClInclude Include="..\src\graphics\EffectTextureColor.h">
      <Filter>graphics</Filter>
    </ClInclude>
    <ClInclude Include="..\src\graphics\Errors.h">
      <Filter>graphics</Filter>
    </ClInclude>
    <ClInclude Include="..\src\graphics\GraphicsDevice.h">
      <Filter>graphics</Filter>
    </ClInclude>
    <ClInclude Include="..\src\graphics\graphics_classes.h">
      <Filter>graphics</Filter>
    </ClInclude>
    <ClInclude Include="..\src\graphics\graphics_platform.h">
      <Filter>graphics</Filter>
    </ClInclude>
    <ClInclude Include="..\src\graphics\graphics_references.h">
      <Filter>graphics</Filter>
    </ClInclude>
    <ClInclude Include="..\src\graphics\Image2dData.h">
      <Filter>graphics</Filter>
    </ClInclude>
    <ClInclude Include="..\src\graphics\RenderState.h">
      <Filter>graphics</Filter>
    </ClInclude>
    <ClInclude Include="..\src\graphics\State.h">
      <Filter>graphics</Filter>
    </ClInclude>
    <ClInclude Include="..\src\graphics\StateCompare.h">
      <Filter>graphics</Filter>
    </ClInclude>
    <ClInclude Include="..\src\graphics\Texture.h">
      <Filter>graphics</Filter>
    </ClInclude>
    <ClInclude Include="..\src\graphics\TextureImage2d.h">
      <Filter>graphics</Filter>
    </ClInclude>
    <ClInclude Include="..\src\graphics\TextureLoader.h">
      <Filter>graphics</Filter>
    </ClInclude>
    <ClInclude Include="..\src\graphics\TextureRenderTarget2d.h">
      <Filter>graphics</Filter>
    </ClInclude>
    <ClInclude Include="..\src\graphics\Uniform.h">
      <Filter>graphics</Filter>
    </ClInclude>
    <ClInclude Include="..\src\graphics\UniformInfo.h">
      <Filter>graphics</Filter>
    </ClInclude>
    <ClInclude Include="..\src\graphics\Uniforms.h">
      <Filter>graphics</Filter>
    </ClInclude>
    <ClInclude Include="..\src\graphics\UniformValue.h">
      <Filter>graphics</Filter>
    </ClInclude>
    <ClInclude Include="..\src\graphics\UniformValueFloat.h">
      <Filter>graphics</Filter>
    </ClInclude>
    <ClInclude Include="..\src\graphics\UniformValueMatrix.h">
      <Filter>graphics</Filter>
    </ClInclude>
    <ClInclude Include="..\src\graphics\UniformValueTexture.h">
      <Filter>graphics</Filter>
    </ClInclude>
    <ClInclude Include="..\src\graphics\VertexFormat.h">
      <Filter>graphics</Filter>
    </ClInclude>
    <ClInclude Include="..\src\graphics\VertexFormatPosition.h">
      <Filter>graphics</Filter>
    </ClInclude>
    <ClInclude Include="..\src\graphics\VertexFormatPositionColor.h">
      <Filter>graphics</Filter>
    </ClInclude>
    <ClInclude Include="..\src\graphics\VertexFormatPositionTextureColor.h">
      <Filter>graphics</Filter>
    </ClInclude>
    <ClInclude Include="..\src\graphics\VertexFormats.h">
      <Filter>graphics</Filter>
    </ClInclude>
    <ClInclude Include="..\src\graphics\graphics.h">
      <Filter>graphics</Filter>
    </ClInclude>
    <ClInclude Include="..\src\core\core.h">
      <Filter>core</Filter>
    </ClInclude>
    <ClInclude Include="..\src\core\FixedPool.h">
      <Filter>core</Filter>
    </ClInclude>
    <ClInclude Include="..\shaders\solid_frag.h">
      <Filter>shaders</Filter>
    </ClInclude>
    <ClInclude Include="..\shaders\solid_vert.h">
      <Filter>shaders</Filter>
    </ClInclude>
  </ItemGroup>
  <ItemGroup>
    <ClCompile Include="..\..\CommonSources\gen\llgePInvoke.cpp">
      <Filter>common</Filter>
    </ClCompile>
    <ClCompile Include="stdafx.cpp" />
    <ClCompile Include="dllmain.cpp" />
    <ClCompile Include="..\src\core\Math.cpp">
      <Filter>core</Filter>
    </ClCompile>
    <ClCompile Include="..\src\core\Matrix.cpp">
      <Filter>core</Filter>
    </ClCompile>
    <ClCompile Include="..\src\geometry\Aabb2d.cpp">
      <Filter>geometry</Filter>
    </ClCompile>
    <ClCompile Include="..\src\geometry\Quadtree2d.cpp">
      <Filter>geometry</Filter>
    </ClCompile>
    <ClCompile Include="..\src\geometry\Quadtree2dNode.cpp">
      <Filter>geometry</Filter>
    </ClCompile>
    <ClCompile Include="..\src\graphics\AttributeInfo.cpp">
      <Filter>graphics</Filter>
    </ClCompile>
    <ClCompile Include="..\src\graphics\Attributes.cpp">
      <Filter>graphics</Filter>
    </ClCompile>
    <ClCompile Include="..\src\graphics\Color.cpp">
      <Filter>graphics</Filter>
    </ClCompile>
    <ClCompile Include="..\src\graphics\Effect.cpp">
      <Filter>graphics</Filter>
    </ClCompile>
    <ClCompile Include="..\src\graphics\EffectBase.cpp">
      <Filter>graphics</Filter>
    </ClCompile>
    <ClCompile Include="..\src\graphics\Effects.cpp">
      <Filter>graphics</Filter>
    </ClCompile>
    <ClCompile Include="..\src\graphics\EffectSolid.cpp">
      <Filter>graphics</Filter>
    </ClCompile>
    <ClCompile Include="..\src\graphics\EffectSolidColor.cpp">
      <Filter>graphics</Filter>
    </ClCompile>
    <ClCompile Include="..\src\graphics\EffectTextureColor.cpp">
      <Filter>graphics</Filter>
    </ClCompile>
    <ClCompile Include="..\src\graphics\Errors.cpp">
      <Filter>graphics</Filter>
    </ClCompile>
    <ClCompile Include="..\src\graphics\GraphicsDevice.cpp">
      <Filter>graphics</Filter>
    </ClCompile>
    <ClCompile Include="..\src\graphics\Image2dData.cpp">
      <Filter>graphics</Filter>
    </ClCompile>
    <ClCompile Include="..\src\graphics\RenderState.cpp">
      <Filter>graphics</Filter>
    </ClCompile>
    <ClCompile Include="..\src\graphics\Texture.cpp">
      <Filter>graphics</Filter>
    </ClCompile>
    <ClCompile Include="..\src\graphics\TextureImage2d.cpp">
      <Filter>graphics</Filter>
    </ClCompile>
    <ClCompile Include="..\src\graphics\TextureLoader.cpp">
      <Filter>graphics</Filter>
    </ClCompile>
    <ClCompile Include="..\src\graphics\TextureRenderTarget2d.cpp">
      <Filter>graphics</Filter>
    </ClCompile>
    <ClCompile Include="..\src\graphics\Uniform.cpp">
      <Filter>graphics</Filter>
    </ClCompile>
    <ClCompile Include="..\src\graphics\UniformInfo.cpp">
      <Filter>graphics</Filter>
    </ClCompile>
    <ClCompile Include="..\src\graphics\Uniforms.cpp">
      <Filter>graphics</Filter>
    </ClCompile>
    <ClCompile Include="..\src\graphics\UniformValue.cpp">
      <Filter>graphics</Filter>
    </ClCompile>
    <ClCompile Include="..\src\graphics\UniformValueFloat.cpp">
      <Filter>graphics</Filter>
    </ClCompile>
    <ClCompile Include="..\src\graphics\UniformValueMatrix.cpp">
      <Filter>graphics</Filter>
    </ClCompile>
    <ClCompile Include="..\src\graphics\UniformValueTexture.cpp">
      <Filter>graphics</Filter>
    </ClCompile>
    <ClCompile Include="..\src\graphics\VertexFormat.cpp">
      <Filter>graphics</Filter>
    </ClCompile>
    <ClCompile Include="..\src\graphics\VertexFormats.cpp">
      <Filter>graphics</Filter>
    </ClCompile>
    <ClCompile Include="..\src\exports\llge.cpp">
      <Filter>exports</Filter>
    </ClCompile>
  </ItemGroup>
</Project>