<?xml version="1.0" encoding="utf-8"?>
<Project ToolsVersion="4.0" xmlns="http://schemas.microsoft.com/developer/msbuild/2003">
  <ItemGroup>
    <Filter Include="exports">
      <UniqueIdentifier>{6c50707c-2f2a-4e4d-bb55-718fee7238d8}</UniqueIdentifier>
    </Filter>
    <Filter Include="common">
      <UniqueIdentifier>{52296692-4906-4308-88b5-5d16497cca62}</UniqueIdentifier>
    </Filter>
    <Filter Include="zombo">
      <UniqueIdentifier>{0188ac56-c994-4bcf-8c0f-fd75b7caba12}</UniqueIdentifier>
    </Filter>
    <Filter Include="third_party">
      <UniqueIdentifier>{ccc06308-8686-4cad-9ed9-cf9c8230e7a9}</UniqueIdentifier>
    </Filter>
    <Filter Include="engine">
      <UniqueIdentifier>{71b56558-7262-451b-b71a-1bdc1a0f84aa}</UniqueIdentifier>
    </Filter>
    <Filter Include="engine\terrain">
      <UniqueIdentifier>{a93ce430-8b9b-4055-9bc9-b2f9d1dc347e}</UniqueIdentifier>
    </Filter>
    <Filter Include="engine\content">
      <UniqueIdentifier>{14d69fd7-b7a0-4203-a837-3192e9104efb}</UniqueIdentifier>
    </Filter>
    <Filter Include="engine\content\serialization">
      <UniqueIdentifier>{83d103e1-e690-48f4-9e12-f399c1a71d97}</UniqueIdentifier>
    </Filter>
    <Filter Include="engine\fonts">
      <UniqueIdentifier>{8b450da8-2d40-46ba-a4bd-67e6c39214f1}</UniqueIdentifier>
    </Filter>
    <Filter Include="engine\game">
      <UniqueIdentifier>{2b16d3b0-2e50-4fbe-ada1-c65acb3141ed}</UniqueIdentifier>
    </Filter>
    <Filter Include="engine\game\components">
      <UniqueIdentifier>{e92f2401-9b6a-441f-b157-5edbecada359}</UniqueIdentifier>
    </Filter>
    <Filter Include="engine\game\input">
      <UniqueIdentifier>{0a337ae6-9474-4297-8ff9-138b952c373b}</UniqueIdentifier>
    </Filter>
    <Filter Include="engine\game\services">
      <UniqueIdentifier>{f1708a1b-69f8-48b8-91d3-4449c481f285}</UniqueIdentifier>
    </Filter>
    <Filter Include="engine\geometry">
      <UniqueIdentifier>{fc4ca26f-4c00-4c23-bdfc-caf553e82e4b}</UniqueIdentifier>
    </Filter>
    <Filter Include="engine\graphics">
      <UniqueIdentifier>{ee58e0fc-0a4b-48bf-bf4d-f409427ea5a6}</UniqueIdentifier>
    </Filter>
    <Filter Include="engine\graphics\pipelines">
      <UniqueIdentifier>{f5b80429-a3ee-4d63-aa3f-9720492baec9}</UniqueIdentifier>
    </Filter>
    <Filter Include="engine\graphics\utilities">
      <UniqueIdentifier>{f8f51470-c890-4026-8fb3-55628f2dfbec}</UniqueIdentifier>
    </Filter>
    <Filter Include="engine\navmesh">
      <UniqueIdentifier>{48b2ed21-5b20-47d3-a294-1df782e97f54}</UniqueIdentifier>
    </Filter>
    <Filter Include="engine\resources">
      <UniqueIdentifier>{bdb4f70e-f3cf-47b8-b7be-fe7a8f39cb1a}</UniqueIdentifier>
    </Filter>
    <Filter Include="engine\resources\lpng">
      <UniqueIdentifier>{2ce19b8f-6064-4c0e-a28f-dc92489470fb}</UniqueIdentifier>
    </Filter>
    <Filter Include="engine\resources\zlib">
      <UniqueIdentifier>{6e8df11f-5e40-4d37-ab8c-3ea1fcc3c1f0}</UniqueIdentifier>
    </Filter>
    <Filter Include="engine\resources_fonts">
      <UniqueIdentifier>{be727489-7c22-448c-8a2e-91cd5ab3a440}</UniqueIdentifier>
    </Filter>
    <Filter Include="engine\shaders">
      <UniqueIdentifier>{f56f7ea8-0aaf-4aed-ab59-4898beff468c}</UniqueIdentifier>
    </Filter>
    <Filter Include="engine\core">
      <UniqueIdentifier>{fc049044-9e3f-4ecb-b8f8-541a36e33886}</UniqueIdentifier>
    </Filter>
    <Filter Include="third_party\poly2tri">
      <UniqueIdentifier>{37c29d14-8ca3-490b-8c57-de10feac7b94}</UniqueIdentifier>
    </Filter>
    <Filter Include="third_party\poly2tri\common">
      <UniqueIdentifier>{53dc5fa3-fe57-42b4-9d74-187b0c558a23}</UniqueIdentifier>
    </Filter>
    <Filter Include="third_party\poly2tri\sweep">
      <UniqueIdentifier>{6f4882aa-ffc7-45cc-8d14-3a17d1e04ae8}</UniqueIdentifier>
    </Filter>
    <Filter Include="third_party\freetype">
      <UniqueIdentifier>{9226d0fc-14cf-4e3d-b3fd-400f51bb941f}</UniqueIdentifier>
    </Filter>
    <Filter Include="third_party\freetype\FT_MODULES">
      <UniqueIdentifier>{83b895e8-07ba-4e09-9af3-7e1bc22466d9}</UniqueIdentifier>
    </Filter>
    <Filter Include="third_party\clipper">
      <UniqueIdentifier>{9a845750-8430-40ba-a241-d0f598660bf9}</UniqueIdentifier>
    </Filter>
    <Filter Include="third_party\cjson">
      <UniqueIdentifier>{abecc359-80e1-4a7f-97af-6e0aed1e9e57}</UniqueIdentifier>
    </Filter>
    <Filter Include="third_party\rectanglebinpack">
      <UniqueIdentifier>{c21c60a6-b459-4b1f-a051-6fccd687f60e}</UniqueIdentifier>
    </Filter>
    <Filter Include="zombo\editor">
      <UniqueIdentifier>{52a10fe5-46fb-4099-a174-d88960f85f38}</UniqueIdentifier>
    </Filter>
  </ItemGroup>
  <ItemGroup>
    <ClInclude Include="..\..\CommonSources\include\llge.h">
      <Filter>common</Filter>
    </ClInclude>
    <ClInclude Include="stdafx.h" />
    <ClInclude Include="targetver.h" />
    <ClInclude Include="..\src\core\core_classes.h">
      <Filter>engine\core</Filter>
    </ClInclude>
    <ClInclude Include="..\src\core\core_platform.h">
      <Filter>engine\core</Filter>
    </ClInclude>
    <ClInclude Include="..\src\core\Lazy.h">
      <Filter>engine\core</Filter>
    </ClInclude>
    <ClInclude Include="..\src\core\Math.h">
      <Filter>engine\core</Filter>
    </ClInclude>
    <ClInclude Include="..\src\core\Matrix.h">
      <Filter>engine\core</Filter>
    </ClInclude>
    <ClInclude Include="..\src\core\StaticArray.h">
      <Filter>engine\core</Filter>
    </ClInclude>
    <ClInclude Include="..\src\core\Vector.h">
      <Filter>engine\core</Filter>
    </ClInclude>
    <ClInclude Include="..\src\graphics\AttributeInfo.h">
      <Filter>engine\graphics</Filter>
    </ClInclude>
    <ClInclude Include="..\src\graphics\Attributes.h">
      <Filter>engine\graphics</Filter>
    </ClInclude>
    <ClInclude Include="..\src\graphics\Color.h">
      <Filter>engine\graphics</Filter>
    </ClInclude>
    <ClInclude Include="..\src\graphics\Effect.h">
      <Filter>engine\graphics</Filter>
    </ClInclude>
    <ClInclude Include="..\src\graphics\EffectBase.h">
      <Filter>engine\graphics</Filter>
    </ClInclude>
    <ClInclude Include="..\src\graphics\EffectSolidColor.h">
      <Filter>engine\graphics</Filter>
    </ClInclude>
    <ClInclude Include="..\src\graphics\EffectTextureColor.h">
      <Filter>engine\graphics</Filter>
    </ClInclude>
    <ClInclude Include="..\src\graphics\Errors.h">
      <Filter>engine\graphics</Filter>
    </ClInclude>
    <ClInclude Include="..\src\graphics\GraphicsDevice.h">
      <Filter>engine\graphics</Filter>
    </ClInclude>
    <ClInclude Include="..\src\graphics\graphics_classes.h">
      <Filter>engine\graphics</Filter>
    </ClInclude>
    <ClInclude Include="..\src\graphics\graphics_platform.h">
      <Filter>engine\graphics</Filter>
    </ClInclude>
    <ClInclude Include="..\src\graphics\graphics_references.h">
      <Filter>engine\graphics</Filter>
    </ClInclude>
    <ClInclude Include="..\src\graphics\Image2dData.h">
      <Filter>engine\graphics</Filter>
    </ClInclude>
    <ClInclude Include="..\src\graphics\RenderState.h">
      <Filter>engine\graphics</Filter>
    </ClInclude>
    <ClInclude Include="..\src\graphics\State.h">
      <Filter>engine\graphics</Filter>
    </ClInclude>
    <ClInclude Include="..\src\graphics\StateCompare.h">
      <Filter>engine\graphics</Filter>
    </ClInclude>
    <ClInclude Include="..\src\graphics\Texture.h">
      <Filter>engine\graphics</Filter>
    </ClInclude>
    <ClInclude Include="..\src\graphics\TextureImage2d.h">
      <Filter>engine\graphics</Filter>
    </ClInclude>
    <ClInclude Include="..\src\graphics\TextureLoader.h">
      <Filter>engine\graphics</Filter>
    </ClInclude>
    <ClInclude Include="..\src\graphics\TextureRenderTarget2d.h">
      <Filter>engine\graphics</Filter>
    </ClInclude>
    <ClInclude Include="..\src\graphics\Uniform.h">
      <Filter>engine\graphics</Filter>
    </ClInclude>
    <ClInclude Include="..\src\graphics\UniformInfo.h">
      <Filter>engine\graphics</Filter>
    </ClInclude>
    <ClInclude Include="..\src\graphics\Uniforms.h">
      <Filter>engine\graphics</Filter>
    </ClInclude>
    <ClInclude Include="..\src\graphics\UniformValue.h">
      <Filter>engine\graphics</Filter>
    </ClInclude>
    <ClInclude Include="..\src\graphics\UniformValueFloat.h">
      <Filter>engine\graphics</Filter>
    </ClInclude>
    <ClInclude Include="..\src\graphics\UniformValueMatrix.h">
      <Filter>engine\graphics</Filter>
    </ClInclude>
    <ClInclude Include="..\src\graphics\UniformValueTexture.h">
      <Filter>engine\graphics</Filter>
    </ClInclude>
    <ClInclude Include="..\src\graphics\VertexFormat.h">
      <Filter>engine\graphics</Filter>
    </ClInclude>
    <ClInclude Include="..\src\graphics\VertexFormatPositionColor.h">
      <Filter>engine\graphics</Filter>
    </ClInclude>
    <ClInclude Include="..\src\graphics\VertexFormatPositionTextureColor.h">
      <Filter>engine\graphics</Filter>
    </ClInclude>
    <ClInclude Include="..\src\graphics\graphics.h">
      <Filter>engine\graphics</Filter>
    </ClInclude>
    <ClInclude Include="..\src\core\core.h">
      <Filter>engine\core</Filter>
    </ClInclude>
    <ClInclude Include="..\shaders\solid_color_frag.h">
      <Filter>engine\shaders</Filter>
    </ClInclude>
    <ClInclude Include="..\shaders\solid_color_vert.h">
      <Filter>engine\shaders</Filter>
    </ClInclude>
    <ClInclude Include="..\shaders\texture_color_frag.h">
      <Filter>engine\shaders</Filter>
    </ClInclude>
    <ClInclude Include="..\shaders\texture_color_vert.h">
      <Filter>engine\shaders</Filter>
    </ClInclude>
    <ClInclude Include="..\src\graphics\VertexBuffer.h">
      <Filter>engine\graphics</Filter>
    </ClInclude>
    <ClInclude Include="..\src\graphics\StaticBatch.h">
      <Filter>engine\graphics</Filter>
    </ClInclude>
    <ClInclude Include="..\src\graphics\Batcher.h">
      <Filter>engine\graphics</Filter>
    </ClInclude>
    <ClInclude Include="..\src\core\BasicTest.h">
      <Filter>engine\core</Filter>
    </ClInclude>
    <ClInclude Include="..\src\core\Allocator.h">
      <Filter>engine\core</Filter>
    </ClInclude>
    <ClInclude Include="..\src\core\SystemAllocationPolicy.h">
      <Filter>engine\core</Filter>
    </ClInclude>
    <ClInclude Include="..\src\core\HollowsAllocationPolicy.h">
      <Filter>engine\core</Filter>
    </ClInclude>
    <ClInclude Include="..\src\graphics\TextureCubemap.h">
      <Filter>engine\graphics</Filter>
    </ClInclude>
    <ClInclude Include="..\src\graphics\UniformValueVector3.h">
      <Filter>engine\graphics</Filter>
    </ClInclude>
    <ClInclude Include="..\src\resources\zlib\crc32.h">
      <Filter>engine\resources\zlib</Filter>
    </ClInclude>
    <ClInclude Include="..\src\resources\zlib\deflate.h">
      <Filter>engine\resources\zlib</Filter>
    </ClInclude>
    <ClInclude Include="..\src\resources\zlib\gzguts.h">
      <Filter>engine\resources\zlib</Filter>
    </ClInclude>
    <ClInclude Include="..\src\resources\zlib\inffast.h">
      <Filter>engine\resources\zlib</Filter>
    </ClInclude>
    <ClInclude Include="..\src\resources\zlib\inffixed.h">
      <Filter>engine\resources\zlib</Filter>
    </ClInclude>
    <ClInclude Include="..\src\resources\zlib\inflate.h">
      <Filter>engine\resources\zlib</Filter>
    </ClInclude>
    <ClInclude Include="..\src\resources\zlib\inftrees.h">
      <Filter>engine\resources\zlib</Filter>
    </ClInclude>
    <ClInclude Include="..\src\resources\zlib\trees.h">
      <Filter>engine\resources\zlib</Filter>
    </ClInclude>
    <ClInclude Include="..\src\resources\zlib\zconf.h">
      <Filter>engine\resources\zlib</Filter>
    </ClInclude>
    <ClInclude Include="..\src\resources\zlib\zlib.h">
      <Filter>engine\resources\zlib</Filter>
    </ClInclude>
    <ClInclude Include="..\src\resources\zlib\zutil.h">
      <Filter>engine\resources\zlib</Filter>
    </ClInclude>
    <ClInclude Include="..\src\resources\lpng\png.h">
      <Filter>engine\resources\lpng</Filter>
    </ClInclude>
    <ClInclude Include="..\src\resources\lpng\pngconf.h">
      <Filter>engine\resources\lpng</Filter>
    </ClInclude>
    <ClInclude Include="..\src\resources\lpng\pngdebug.h">
      <Filter>engine\resources\lpng</Filter>
    </ClInclude>
    <ClInclude Include="..\src\resources\lpng\pnginfo.h">
      <Filter>engine\resources\lpng</Filter>
    </ClInclude>
    <ClInclude Include="..\src\resources\lpng\pnglibconf.h">
      <Filter>engine\resources\lpng</Filter>
    </ClInclude>
    <ClInclude Include="..\src\resources\lpng\pngpriv.h">
      <Filter>engine\resources\lpng</Filter>
    </ClInclude>
    <ClInclude Include="..\src\resources\lpng\pngstruct.h">
      <Filter>engine\resources\lpng</Filter>
    </ClInclude>
    <ClInclude Include="..\src\resources\ContentManager.h">
      <Filter>engine\resources</Filter>
    </ClInclude>
    <ClInclude Include="..\src\resources\resources.h">
      <Filter>engine\resources</Filter>
    </ClInclude>
    <ClInclude Include="..\src\resources\resources_classes.h">
      <Filter>engine\resources</Filter>
    </ClInclude>
    <ClInclude Include="..\src\resources\resources_references.h">
      <Filter>engine\resources</Filter>
    </ClInclude>
    <ClInclude Include="..\src\resources\resources_platform.h">
      <Filter>engine\resources</Filter>
    </ClInclude>
    <ClInclude Include="..\src\resources\ContentProvider.h">
      <Filter>engine\resources</Filter>
    </ClInclude>
    <ClInclude Include="..\src\graphics\EffectConstant.h">
      <Filter>engine\graphics</Filter>
    </ClInclude>
    <ClInclude Include="..\src\graphics\TextureRenderTargetDepth2d.h">
      <Filter>engine\graphics</Filter>
    </ClInclude>
    <ClInclude Include="..\src\graphics\RenderConverter.h">
      <Filter>engine\graphics</Filter>
    </ClInclude>
    <ClInclude Include="..\..\CommonSources\include\zombo.h">
      <Filter>common</Filter>
    </ClInclude>
    <ClInclude Include="..\src\graphics\EffectsBasic.h">
      <Filter>engine\graphics</Filter>
    </ClInclude>
    <ClInclude Include="..\src\graphics\RenderConverterBasic.h">
      <Filter>engine\graphics</Filter>
    </ClInclude>
    <ClInclude Include="..\src\graphics\config_defines.h">
      <Filter>engine\graphics</Filter>
    </ClInclude>
    <ClInclude Include="..\src\graphics\VertexFormatsBasic.h">
      <Filter>engine\graphics</Filter>
    </ClInclude>
    <ClInclude Include="..\..\CommonSources\include\BaseObjects.h">
      <Filter>common</Filter>
    </ClInclude>
    <ClInclude Include="..\src\core\Path.h">
      <Filter>engine\core</Filter>
    </ClInclude>
    <ClInclude Include="..\src\core\Convert.h">
      <Filter>engine\core</Filter>
    </ClInclude>
    <ClInclude Include="..\src\fonts\Font.h">
      <Filter>engine\fonts</Filter>
    </ClInclude>
    <ClInclude Include="..\src\fonts\fonts_classes.h">
      <Filter>engine\fonts</Filter>
    </ClInclude>
    <ClInclude Include="..\src\fonts\fonts_references.h">
      <Filter>engine\fonts</Filter>
    </ClInclude>
    <ClInclude Include="..\src\fonts\fonts_platform.h">
      <Filter>engine\fonts</Filter>
    </ClInclude>
    <ClInclude Include="..\src\fonts\IFontRenderer.h">
      <Filter>engine\fonts</Filter>
    </ClInclude>
    <ClInclude Include="..\src\fonts\FontsManager.h">
      <Filter>engine\fonts</Filter>
    </ClInclude>
    <ClInclude Include="..\src\fonts\OutlineVectorFont.h">
      <Filter>engine\fonts</Filter>
    </ClInclude>
    <ClInclude Include="..\src\fonts\FontCharSet.h">
      <Filter>engine\fonts</Filter>
    </ClInclude>
    <ClInclude Include="..\src\geometry\Aabb2d.h">
      <Filter>engine\geometry</Filter>
    </ClInclude>
    <ClInclude Include="..\src\geometry\geometry.h">
      <Filter>engine\geometry</Filter>
    </ClInclude>
    <ClInclude Include="..\src\geometry\geometry_classes.h">
      <Filter>engine\geometry</Filter>
    </ClInclude>
    <ClInclude Include="..\src\geometry\geometry_platform.h">
      <Filter>engine\geometry</Filter>
    </ClInclude>
    <ClInclude Include="..\src\geometry\geometry_references.h">
      <Filter>engine\geometry</Filter>
    </ClInclude>
    <ClInclude Include="..\src\geometry\Quadtree2d.h">
      <Filter>engine\geometry</Filter>
    </ClInclude>
    <ClInclude Include="..\src\geometry\Quadtree2dItem.h">
      <Filter>engine\geometry</Filter>
    </ClInclude>
    <ClInclude Include="..\src\geometry\Quadtree2dNode.h">
      <Filter>engine\geometry</Filter>
    </ClInclude>
    <ClInclude Include="..\src_poly2tri\poly2tri.h">
      <Filter>third_party\poly2tri</Filter>
    </ClInclude>
    <ClInclude Include="..\src_poly2tri\sweep\advancing_front.h">
      <Filter>third_party\poly2tri\sweep</Filter>
    </ClInclude>
    <ClInclude Include="..\src_poly2tri\sweep\cdt.h">
      <Filter>third_party\poly2tri\sweep</Filter>
    </ClInclude>
    <ClInclude Include="..\src_poly2tri\sweep\sweep.h">
      <Filter>third_party\poly2tri\sweep</Filter>
    </ClInclude>
    <ClInclude Include="..\src_poly2tri\sweep\sweep_context.h">
      <Filter>third_party\poly2tri\sweep</Filter>
    </ClInclude>
    <ClInclude Include="..\src_poly2tri\common\shapes.h">
      <Filter>third_party\poly2tri\common</Filter>
    </ClInclude>
    <ClInclude Include="..\src_poly2tri\common\utils.h">
      <Filter>third_party\poly2tri\common</Filter>
    </ClInclude>
    <ClInclude Include="..\src\fonts\BitmapFont.h">
      <Filter>engine\fonts</Filter>
    </ClInclude>
    <ClInclude Include="..\src\fonts\FontRects.h">
      <Filter>engine\fonts</Filter>
    </ClInclude>
    <ClInclude Include="..\src_rectanglebinpack\GuillotineBinPack.h">
      <Filter>third_party\rectanglebinpack</Filter>
    </ClInclude>
    <ClInclude Include="..\src_rectanglebinpack\MaxRectsBinPack.h">
      <Filter>third_party\rectanglebinpack</Filter>
    </ClInclude>
    <ClInclude Include="..\src_rectanglebinpack\Rect.h">
      <Filter>third_party\rectanglebinpack</Filter>
    </ClInclude>
    <ClInclude Include="..\src_rectanglebinpack\ShelfBinPack.h">
      <Filter>third_party\rectanglebinpack</Filter>
    </ClInclude>
    <ClInclude Include="..\src_rectanglebinpack\ShelfNextFitBinPack.h">
      <Filter>third_party\rectanglebinpack</Filter>
    </ClInclude>
    <ClInclude Include="..\src_rectanglebinpack\SkylineBinPack.h">
      <Filter>third_party\rectanglebinpack</Filter>
    </ClInclude>
    <ClInclude Include="..\src\geometry\Frustum.h">
      <Filter>engine\geometry</Filter>
    </ClInclude>
    <ClInclude Include="..\src\navmesh\navmesh_classes.h">
      <Filter>engine\navmesh</Filter>
    </ClInclude>
    <ClInclude Include="..\src\navmesh\navmesh_platform.h">
      <Filter>engine\navmesh</Filter>
    </ClInclude>
    <ClInclude Include="..\src_clipper\clipper.hpp">
      <Filter>third_party\clipper</Filter>
    </ClInclude>
    <ClInclude Include="..\src\navmesh\NavMesh.h">
      <Filter>engine\navmesh</Filter>
    </ClInclude>
    <ClInclude Include="..\resources_fonts\FontQuicksandRegular.h">
      <Filter>engine\resources_fonts</Filter>
    </ClInclude>
    <ClInclude Include="..\src\navmesh\AStar.h">
      <Filter>engine\navmesh</Filter>
    </ClInclude>
    <ClInclude Include="..\src\navmesh\Funnel.h">
      <Filter>engine\navmesh</Filter>
    </ClInclude>
    <ClInclude Include="..\src\core\MarchingSquares.h">
      <Filter>engine\core</Filter>
    </ClInclude>
    <ClInclude Include="..\src\content\serialization\ContentArray.h">
      <Filter>engine\content\serialization</Filter>
    </ClInclude>
    <ClInclude Include="..\src\content\serialization\ContentObject.h">
      <Filter>engine\content\serialization</Filter>
    </ClInclude>
    <ClInclude Include="..\src\content\serialization\ContentSerializer.h">
      <Filter>engine\content\serialization</Filter>
    </ClInclude>
    <ClInclude Include="..\src\content\serialization\ContentValue.h">
      <Filter>engine\content\serialization</Filter>
    </ClInclude>
    <ClInclude Include="..\src\content\BinaryReader.h">
      <Filter>engine\content</Filter>
    </ClInclude>
    <ClInclude Include="..\src\content\content.h">
      <Filter>engine\content</Filter>
    </ClInclude>
    <ClInclude Include="..\src\content\content_classes.h">
      <Filter>engine\content</Filter>
    </ClInclude>
    <ClInclude Include="..\src\content\content_platform.h">
      <Filter>engine\content</Filter>
    </ClInclude>
    <ClInclude Include="..\src\content\content_references.h">
      <Filter>engine\content</Filter>
    </ClInclude>
    <ClInclude Include="..\src\content\ContentBitmapFont.h">
      <Filter>engine\content</Filter>
    </ClInclude>
    <ClInclude Include="..\src\content\ContentBlock.h">
      <Filter>engine\content</Filter>
    </ClInclude>
    <ClInclude Include="..\src\content\ContentFrameAnimation.h">
      <Filter>engine\content</Filter>
    </ClInclude>
    <ClInclude Include="..\src\content\ContentImage.h">
      <Filter>engine\content</Filter>
    </ClInclude>
    <ClInclude Include="..\src\content\ContentJson.h">
      <Filter>engine\content</Filter>
    </ClInclude>
    <ClInclude Include="..\src\content\ContentMesh.h">
      <Filter>engine\content</Filter>
    </ClInclude>
    <ClInclude Include="..\src\content\ContentStatus.h">
      <Filter>engine\content</Filter>
    </ClInclude>
    <ClInclude Include="..\src\game\Component.h">
      <Filter>engine\game</Filter>
    </ClInclude>
    <ClInclude Include="..\src\game\ComponentsFactory.h">
      <Filter>engine\game</Filter>
    </ClInclude>
    <ClInclude Include="..\src\game\Entity.h">
      <Filter>engine\game</Filter>
    </ClInclude>
    <ClInclude Include="..\src\game\game_classes.h">
      <Filter>engine\game</Filter>
    </ClInclude>
    <ClInclude Include="..\src\game\game_platform.h">
      <Filter>engine\game</Filter>
    </ClInclude>
    <ClInclude Include="..\src\game\game_references.h">
      <Filter>engine\game</Filter>
    </ClInclude>
    <ClInclude Include="..\src\game\Scene.h">
      <Filter>engine\game</Filter>
    </ClInclude>
    <ClInclude Include="..\src\game\services\Drawing.h">
      <Filter>engine\game\services</Filter>
    </ClInclude>
    <ClInclude Include="..\src\game\input\Mouse.h">
      <Filter>engine\game\input</Filter>
    </ClInclude>
    <ClInclude Include="..\src\game\components\FrameAnimation.h">
      <Filter>engine\game\components</Filter>
    </ClInclude>
    <ClInclude Include="..\src\game\components\Mesh.h">
      <Filter>engine\game\components</Filter>
    </ClInclude>
    <ClInclude Include="..\src\terrain\StripeBuilder.h">
      <Filter>engine\terrain</Filter>
    </ClInclude>
    <ClInclude Include="..\src\terrain\terrain_classes.h">
      <Filter>engine\terrain</Filter>
    </ClInclude>
    <ClInclude Include="..\src\terrain\terrain_platform.h">
      <Filter>engine\terrain</Filter>
    </ClInclude>
    <ClInclude Include="..\src\terrain\terrain_references.h">
      <Filter>engine\terrain</Filter>
    </ClInclude>
    <ClInclude Include="..\src\terrain\TerrainFactory.h">
      <Filter>engine\terrain</Filter>
    </ClInclude>
    <ClInclude Include="..\src\geometry\Aabb.h">
      <Filter>engine\geometry</Filter>
    </ClInclude>
    <ClInclude Include="..\src\geometry\Quadtree.h">
      <Filter>engine\geometry</Filter>
    </ClInclude>
    <ClInclude Include="..\src\geometry\TerrainClipper.h">
      <Filter>engine\geometry</Filter>
    </ClInclude>
    <ClInclude Include="..\src\graphics\utilities\Camera.h">
      <Filter>engine\graphics\utilities</Filter>
    </ClInclude>
    <ClInclude Include="..\src\graphics\utilities\Viewport.h">
      <Filter>engine\graphics\utilities</Filter>
    </ClInclude>
    <ClInclude Include="..\src\graphics\pipelines\RenderPipeline.h">
      <Filter>engine\graphics\pipelines</Filter>
    </ClInclude>
    <ClInclude Include="..\src\graphics\pipelines\RenderService.h">
      <Filter>engine\graphics\pipelines</Filter>
    </ClInclude>
    <ClInclude Include="..\src\graphics\pipelines\RenderVertex.h">
      <Filter>engine\graphics\pipelines</Filter>
    </ClInclude>
    <ClInclude Include="..\src\graphics\pipelines\UniformsConfig.h">
      <Filter>engine\graphics\pipelines</Filter>
    </ClInclude>
    <ClInclude Include="..\src\core\Spline.h">
      <Filter>engine\core</Filter>
    </ClInclude>
    <ClInclude Include="..\src\core\Environment.h">
      <Filter>engine\core</Filter>
    </ClInclude>
    <ClInclude Include="..\src_cjson\cJSON.h">
      <Filter>third_party\cjson</Filter>
    </ClInclude>
    <ClInclude Include="..\src\zombo\editor\ZomboEditor.h">
      <Filter>zombo\editor</Filter>
    </ClInclude>
  </ItemGroup>
  <ItemGroup>
    <ClCompile Include="..\..\CommonSources\gen\llgePInvoke.cpp">
      <Filter>common</Filter>
    </ClCompile>
    <ClCompile Include="stdafx.cpp" />
    <ClCompile Include="dllmain.cpp" />
    <ClCompile Include="..\src\core\Math.cpp">
      <Filter>engine\core</Filter>
    </ClCompile>
    <ClCompile Include="..\src\core\Matrix.cpp">
      <Filter>engine\core</Filter>
    </ClCompile>
    <ClCompile Include="..\src\graphics\AttributeInfo.cpp">
      <Filter>engine\graphics</Filter>
    </ClCompile>
    <ClCompile Include="..\src\graphics\Attributes.cpp">
      <Filter>engine\graphics</Filter>
    </ClCompile>
    <ClCompile Include="..\src\graphics\Color.cpp">
      <Filter>engine\graphics</Filter>
    </ClCompile>
    <ClCompile Include="..\src\graphics\Effect.cpp">
      <Filter>engine\graphics</Filter>
    </ClCompile>
    <ClCompile Include="..\src\graphics\EffectBase.cpp">
      <Filter>engine\graphics</Filter>
    </ClCompile>
    <ClCompile Include="..\src\graphics\EffectSolidColor.cpp">
      <Filter>engine\graphics</Filter>
    </ClCompile>
    <ClCompile Include="..\src\graphics\EffectTextureColor.cpp">
      <Filter>engine\graphics</Filter>
    </ClCompile>
    <ClCompile Include="..\src\graphics\Errors.cpp">
      <Filter>engine\graphics</Filter>
    </ClCompile>
    <ClCompile Include="..\src\graphics\GraphicsDevice.cpp">
      <Filter>engine\graphics</Filter>
    </ClCompile>
    <ClCompile Include="..\src\graphics\Image2dData.cpp">
      <Filter>engine\graphics</Filter>
    </ClCompile>
    <ClCompile Include="..\src\graphics\RenderState.cpp">
      <Filter>engine\graphics</Filter>
    </ClCompile>
    <ClCompile Include="..\src\graphics\Texture.cpp">
      <Filter>engine\graphics</Filter>
    </ClCompile>
    <ClCompile Include="..\src\graphics\TextureImage2d.cpp">
      <Filter>engine\graphics</Filter>
    </ClCompile>
    <ClCompile Include="..\src\graphics\TextureLoader.cpp">
      <Filter>engine\graphics</Filter>
    </ClCompile>
    <ClCompile Include="..\src\graphics\TextureRenderTarget2d.cpp">
      <Filter>engine\graphics</Filter>
    </ClCompile>
    <ClCompile Include="..\src\graphics\Uniform.cpp">
      <Filter>engine\graphics</Filter>
    </ClCompile>
    <ClCompile Include="..\src\graphics\UniformInfo.cpp">
      <Filter>engine\graphics</Filter>
    </ClCompile>
    <ClCompile Include="..\src\graphics\Uniforms.cpp">
      <Filter>engine\graphics</Filter>
    </ClCompile>
    <ClCompile Include="..\src\graphics\UniformValue.cpp">
      <Filter>engine\graphics</Filter>
    </ClCompile>
    <ClCompile Include="..\src\graphics\UniformValueFloat.cpp">
      <Filter>engine\graphics</Filter>
    </ClCompile>
    <ClCompile Include="..\src\graphics\UniformValueMatrix.cpp">
      <Filter>engine\graphics</Filter>
    </ClCompile>
    <ClCompile Include="..\src\graphics\UniformValueTexture.cpp">
      <Filter>engine\graphics</Filter>
    </ClCompile>
    <ClCompile Include="..\src\graphics\VertexFormat.cpp">
      <Filter>engine\graphics</Filter>
    </ClCompile>
    <ClCompile Include="..\src\exports\llgeGraphics.cpp">
      <Filter>exports</Filter>
    </ClCompile>
    <ClCompile Include="..\src\graphics\VertexBuffer.cpp">
      <Filter>engine\graphics</Filter>
    </ClCompile>
    <ClCompile Include="..\src\graphics\StaticBatch.cpp">
      <Filter>engine\graphics</Filter>
    </ClCompile>
    <ClCompile Include="..\src\core\BasicTest.cpp">
      <Filter>engine\core</Filter>
    </ClCompile>
    <ClCompile Include="..\src\core\SystemAllocationPolicy.cpp">
      <Filter>engine\core</Filter>
    </ClCompile>
    <ClCompile Include="..\src\core\HollowsAllocationPolicy.cpp">
      <Filter>engine\core</Filter>
    </ClCompile>
    <ClCompile Include="..\src\graphics\TextureCubemap.cpp">
      <Filter>engine\graphics</Filter>
    </ClCompile>
    <ClCompile Include="..\src\graphics\UniformValueVector3.cpp">
      <Filter>engine\graphics</Filter>
    </ClCompile>
    <ClCompile Include="..\src\resources\zlib\adler32.c">
      <Filter>engine\resources\zlib</Filter>
    </ClCompile>
    <ClCompile Include="..\src\resources\zlib\compress.c">
      <Filter>engine\resources\zlib</Filter>
    </ClCompile>
    <ClCompile Include="..\src\resources\zlib\crc32.c">
      <Filter>engine\resources\zlib</Filter>
    </ClCompile>
    <ClCompile Include="..\src\resources\zlib\deflate.c">
      <Filter>engine\resources\zlib</Filter>
    </ClCompile>
    <ClCompile Include="..\src\resources\zlib\gzclose.c">
      <Filter>engine\resources\zlib</Filter>
    </ClCompile>
    <ClCompile Include="..\src\resources\zlib\gzlib.c">
      <Filter>engine\resources\zlib</Filter>
    </ClCompile>
    <ClCompile Include="..\src\resources\zlib\gzread.c">
      <Filter>engine\resources\zlib</Filter>
    </ClCompile>
    <ClCompile Include="..\src\resources\zlib\gzwrite.c">
      <Filter>engine\resources\zlib</Filter>
    </ClCompile>
    <ClCompile Include="..\src\resources\zlib\infback.c">
      <Filter>engine\resources\zlib</Filter>
    </ClCompile>
    <ClCompile Include="..\src\resources\zlib\inffast.c">
      <Filter>engine\resources\zlib</Filter>
    </ClCompile>
    <ClCompile Include="..\src\resources\zlib\inflate.c">
      <Filter>engine\resources\zlib</Filter>
    </ClCompile>
    <ClCompile Include="..\src\resources\zlib\inftrees.c">
      <Filter>engine\resources\zlib</Filter>
    </ClCompile>
    <ClCompile Include="..\src\resources\zlib\trees.c">
      <Filter>engine\resources\zlib</Filter>
    </ClCompile>
    <ClCompile Include="..\src\resources\zlib\uncompr.c">
      <Filter>engine\resources\zlib</Filter>
    </ClCompile>
    <ClCompile Include="..\src\resources\zlib\zutil.c">
      <Filter>engine\resources\zlib</Filter>
    </ClCompile>
    <ClCompile Include="..\src\resources\lpng\png.c">
      <Filter>engine\resources\lpng</Filter>
    </ClCompile>
    <ClCompile Include="..\src\resources\lpng\pngerror.c">
      <Filter>engine\resources\lpng</Filter>
    </ClCompile>
    <ClCompile Include="..\src\resources\lpng\pngget.c">
      <Filter>engine\resources\lpng</Filter>
    </ClCompile>
    <ClCompile Include="..\src\resources\lpng\pngmem.c">
      <Filter>engine\resources\lpng</Filter>
    </ClCompile>
    <ClCompile Include="..\src\resources\lpng\pngpread.c">
      <Filter>engine\resources\lpng</Filter>
    </ClCompile>
    <ClCompile Include="..\src\resources\lpng\pngread.c">
      <Filter>engine\resources\lpng</Filter>
    </ClCompile>
    <ClCompile Include="..\src\resources\lpng\pngrio.c">
      <Filter>engine\resources\lpng</Filter>
    </ClCompile>
    <ClCompile Include="..\src\resources\lpng\pngrtran.c">
      <Filter>engine\resources\lpng</Filter>
    </ClCompile>
    <ClCompile Include="..\src\resources\lpng\pngrutil.c">
      <Filter>engine\resources\lpng</Filter>
    </ClCompile>
    <ClCompile Include="..\src\resources\lpng\pngset.c">
      <Filter>engine\resources\lpng</Filter>
    </ClCompile>
    <ClCompile Include="..\src\resources\lpng\pngtest.c">
      <Filter>engine\resources\lpng</Filter>
    </ClCompile>
    <ClCompile Include="..\src\resources\lpng\pngtrans.c">
      <Filter>engine\resources\lpng</Filter>
    </ClCompile>
    <ClCompile Include="..\src\resources\lpng\pngwio.c">
      <Filter>engine\resources\lpng</Filter>
    </ClCompile>
    <ClCompile Include="..\src\resources\lpng\pngwrite.c">
      <Filter>engine\resources\lpng</Filter>
    </ClCompile>
    <ClCompile Include="..\src\resources\lpng\pngwtran.c">
      <Filter>engine\resources\lpng</Filter>
    </ClCompile>
    <ClCompile Include="..\src\resources\lpng\pngwutil.c">
      <Filter>engine\resources\lpng</Filter>
    </ClCompile>
    <ClCompile Include="..\src\resources\ContentManager.cpp">
      <Filter>engine\resources</Filter>
    </ClCompile>
    <ClCompile Include="..\src\resources\ContentProviderWindows.cpp">
      <Filter>engine\resources</Filter>
    </ClCompile>
    <ClCompile Include="..\src\graphics\EffectConstant.cpp">
      <Filter>engine\graphics</Filter>
    </ClCompile>
    <ClCompile Include="..\src\exports\llgeResources.cpp">
      <Filter>exports</Filter>
    </ClCompile>
    <ClCompile Include="..\src\graphics\TextureRenderTargetDepth2d.cpp">
      <Filter>engine\graphics</Filter>
    </ClCompile>
    <ClCompile Include="..\src\graphics\RenderConverter.cpp">
      <Filter>engine\graphics</Filter>
    </ClCompile>
    <ClCompile Include="..\..\CommonSources\gen\zomboPInvoke.cpp">
      <Filter>common</Filter>
    </ClCompile>
    <ClCompile Include="..\src\graphics\EffectsBasic.cpp">
      <Filter>engine\graphics</Filter>
    </ClCompile>
    <ClCompile Include="..\src\graphics\RenderConverterBasic.cpp">
      <Filter>engine\graphics</Filter>
    </ClCompile>
    <ClCompile Include="..\src\graphics\VertexFormatsBasic.cpp">
      <Filter>engine\graphics</Filter>
    </ClCompile>
    <ClCompile Include="..\src\core\Path.cpp">
      <Filter>engine\core</Filter>
    </ClCompile>
    <ClCompile Include="..\src\core\Convert.cpp">
      <Filter>engine\core</Filter>
    </ClCompile>
    <ClCompile Include="..\src\core\Vector.cpp">
      <Filter>engine\core</Filter>
    </ClCompile>
    <ClCompile Include="..\src_freetype\autofit\autofit.c">
      <Filter>third_party\freetype</Filter>
    </ClCompile>
    <ClCompile Include="..\src_freetype\bdf\bdf.c">
      <Filter>third_party\freetype</Filter>
    </ClCompile>
    <ClCompile Include="..\src_freetype\cff\cff.c">
      <Filter>third_party\freetype</Filter>
    </ClCompile>
    <ClCompile Include="..\src_freetype\base\ftbase.c">
      <Filter>third_party\freetype</Filter>
    </ClCompile>
    <ClCompile Include="..\src_freetype\base\ftbitmap.c">
      <Filter>third_party\freetype</Filter>
    </ClCompile>
    <ClCompile Include="..\src_freetype\cache\ftcache.c">
      <Filter>third_party\freetype</Filter>
    </ClCompile>
    <ClCompile Include="..\src_freetype\base\ftfstype.c">
      <Filter>third_party\freetype</Filter>
    </ClCompile>
    <ClCompile Include="..\src_freetype\base\ftgasp.c">
      <Filter>third_party\freetype</Filter>
    </ClCompile>
    <ClCompile Include="..\src_freetype\base\ftglyph.c">
      <Filter>third_party\freetype</Filter>
    </ClCompile>
    <ClCompile Include="..\src_freetype\gzip\ftgzip.c">
      <Filter>third_party\freetype</Filter>
    </ClCompile>
    <ClCompile Include="..\src_freetype\base\ftinit.c">
      <Filter>third_party\freetype</Filter>
    </ClCompile>
    <ClCompile Include="..\src_freetype\lzw\ftlzw.c">
      <Filter>third_party\freetype</Filter>
    </ClCompile>
    <ClCompile Include="..\src_freetype\base\ftstroke.c">
      <Filter>third_party\freetype</Filter>
    </ClCompile>
    <ClCompile Include="..\src_freetype\base\ftsystem.c">
      <Filter>third_party\freetype</Filter>
    </ClCompile>
    <ClCompile Include="..\src_freetype\smooth\smooth.c">
      <Filter>third_party\freetype</Filter>
    </ClCompile>
    <ClCompile Include="..\src_freetype\base\ftbbox.c">
      <Filter>third_party\freetype\FT_MODULES</Filter>
    </ClCompile>
    <ClCompile Include="..\src_freetype\base\ftfntfmt.c">
      <Filter>third_party\freetype\FT_MODULES</Filter>
    </ClCompile>
    <ClCompile Include="..\src_freetype\base\ftgxval.c">
      <Filter>third_party\freetype\FT_MODULES</Filter>
    </ClCompile>
    <ClCompile Include="..\src_freetype\base\ftlcdfil.c">
      <Filter>third_party\freetype\FT_MODULES</Filter>
    </ClCompile>
    <ClCompile Include="..\src_freetype\base\ftmm.c">
      <Filter>third_party\freetype\FT_MODULES</Filter>
    </ClCompile>
    <ClCompile Include="..\src_freetype\base\ftotval.c">
      <Filter>third_party\freetype\FT_MODULES</Filter>
    </ClCompile>
    <ClCompile Include="..\src_freetype\base\ftpatent.c">
      <Filter>third_party\freetype\FT_MODULES</Filter>
    </ClCompile>
    <ClCompile Include="..\src_freetype\base\ftpfr.c">
      <Filter>third_party\freetype\FT_MODULES</Filter>
    </ClCompile>
    <ClCompile Include="..\src_freetype\base\ftsynth.c">
      <Filter>third_party\freetype\FT_MODULES</Filter>
    </ClCompile>
    <ClCompile Include="..\src_freetype\base\fttype1.c">
      <Filter>third_party\freetype\FT_MODULES</Filter>
    </ClCompile>
    <ClCompile Include="..\src_freetype\base\ftwinfnt.c">
      <Filter>third_party\freetype\FT_MODULES</Filter>
    </ClCompile>
    <ClCompile Include="..\src_freetype\pcf\pcf.c">
      <Filter>third_party\freetype\FT_MODULES</Filter>
    </ClCompile>
    <ClCompile Include="..\src_freetype\pfr\pfr.c">
      <Filter>third_party\freetype\FT_MODULES</Filter>
    </ClCompile>
    <ClCompile Include="..\src_freetype\psaux\psaux.c">
      <Filter>third_party\freetype\FT_MODULES</Filter>
    </ClCompile>
    <ClCompile Include="..\src_freetype\pshinter\pshinter.c">
      <Filter>third_party\freetype\FT_MODULES</Filter>
    </ClCompile>
    <ClCompile Include="..\src_freetype\raster\raster.c">
      <Filter>third_party\freetype\FT_MODULES</Filter>
    </ClCompile>
    <ClCompile Include="..\src_freetype\sfnt\sfnt.c">
      <Filter>third_party\freetype\FT_MODULES</Filter>
    </ClCompile>
    <ClCompile Include="..\src_freetype\psnames\psmodule.c">
      <Filter>third_party\freetype\FT_MODULES</Filter>
    </ClCompile>
    <ClCompile Include="..\src_freetype\type1\type1.c">
      <Filter>third_party\freetype\FT_MODULES</Filter>
    </ClCompile>
    <ClCompile Include="..\src_freetype\cid\type1cid.c">
      <Filter>third_party\freetype\FT_MODULES</Filter>
    </ClCompile>
    <ClCompile Include="..\src_freetype\type42\type42.c">
      <Filter>third_party\freetype\FT_MODULES</Filter>
    </ClCompile>
    <ClCompile Include="..\src_freetype\winfonts\winfnt.c">
      <Filter>third_party\freetype\FT_MODULES</Filter>
    </ClCompile>
    <ClCompile Include="ftdebug.c">
      <Filter>third_party\freetype</Filter>
    </ClCompile>
    <ClCompile Include="..\src_freetype\truetype\truetype.c">
      <Filter>third_party\freetype\FT_MODULES</Filter>
    </ClCompile>
    <ClCompile Include="..\src\fonts\Font.cpp">
      <Filter>engine\fonts</Filter>
    </ClCompile>
    <ClCompile Include="..\src\fonts\FontsManager.cpp">
      <Filter>engine\fonts</Filter>
    </ClCompile>
    <ClCompile Include="..\src\fonts\OutlineVectorFont.cpp">
      <Filter>engine\fonts</Filter>
    </ClCompile>
    <ClCompile Include="..\src\fonts\FontCharSet.cpp">
      <Filter>engine\fonts</Filter>
    </ClCompile>
    <ClCompile Include="..\src\geometry\Aabb2d.cpp">
      <Filter>engine\geometry</Filter>
    </ClCompile>
    <ClCompile Include="..\src\geometry\Quadtree2d.cpp">
      <Filter>engine\geometry</Filter>
    </ClCompile>
    <ClCompile Include="..\src\geometry\Quadtree2dNode.cpp">
      <Filter>engine\geometry</Filter>
    </ClCompile>
    <ClCompile Include="..\src_poly2tri\sweep\advancing_front.cc">
      <Filter>third_party\poly2tri\sweep</Filter>
    </ClCompile>
    <ClCompile Include="..\src_poly2tri\sweep\cdt.cc">
      <Filter>third_party\poly2tri\sweep</Filter>
    </ClCompile>
    <ClCompile Include="..\src_poly2tri\sweep\sweep.cc">
      <Filter>third_party\poly2tri\sweep</Filter>
    </ClCompile>
    <ClCompile Include="..\src_poly2tri\sweep\sweep_context.cc">
      <Filter>third_party\poly2tri\sweep</Filter>
    </ClCompile>
    <ClCompile Include="..\src_poly2tri\common\shapes.cc">
      <Filter>third_party\poly2tri\common</Filter>
    </ClCompile>
    <ClCompile Include="..\src\fonts\BitmapFont.cpp">
      <Filter>engine\fonts</Filter>
    </ClCompile>
    <ClCompile Include="..\src\fonts\FontRects.cpp">
      <Filter>engine\fonts</Filter>
    </ClCompile>
    <ClCompile Include="..\src_rectanglebinpack\GuillotineBinPack.cpp">
      <Filter>third_party\rectanglebinpack</Filter>
    </ClCompile>
    <ClCompile Include="..\src_rectanglebinpack\MaxRectsBinPack.cpp">
      <Filter>third_party\rectanglebinpack</Filter>
    </ClCompile>
    <ClCompile Include="..\src_rectanglebinpack\Rect.cpp">
      <Filter>third_party\rectanglebinpack</Filter>
    </ClCompile>
    <ClCompile Include="..\src_rectanglebinpack\ShelfBinPack.cpp">
      <Filter>third_party\rectanglebinpack</Filter>
    </ClCompile>
    <ClCompile Include="..\src_rectanglebinpack\ShelfNextFitBinPack.cpp">
      <Filter>third_party\rectanglebinpack</Filter>
    </ClCompile>
    <ClCompile Include="..\src_rectanglebinpack\SkylineBinPack.cpp">
      <Filter>third_party\rectanglebinpack</Filter>
    </ClCompile>
    <ClCompile Include="..\src\geometry\Frustum.cpp">
      <Filter>engine\geometry</Filter>
    </ClCompile>
    <ClCompile Include="..\src_clipper\clipper.cpp">
      <Filter>third_party\clipper</Filter>
    </ClCompile>
    <ClCompile Include="..\src\navmesh\navmesh_references.h">
      <Filter>engine\navmesh</Filter>
    </ClCompile>
    <ClCompile Include="..\src\navmesh\NavMesh.cpp">
      <Filter>engine\navmesh</Filter>
    </ClCompile>
    <ClCompile Include="..\src\navmesh\AStar.cpp">
      <Filter>engine\navmesh</Filter>
    </ClCompile>
    <ClCompile Include="..\src\navmesh\Funnel.cpp">
      <Filter>engine\navmesh</Filter>
    </ClCompile>
    <ClCompile Include="..\src\resources\ContentProviderObb.cpp">
      <Filter>engine\resources</Filter>
    </ClCompile>
    <ClCompile Include="..\src\core\MarchingSquares.cpp">
      <Filter>engine\core</Filter>
    </ClCompile>
    <ClCompile Include="..\src\content\serialization\ContentArray.cpp">
      <Filter>engine\content\serialization</Filter>
    </ClCompile>
    <ClCompile Include="..\src\content\serialization\ContentObject.cpp">
      <Filter>engine\content\serialization</Filter>
    </ClCompile>
    <ClCompile Include="..\src\content\serialization\ContentSerializer.cpp">
      <Filter>engine\content\serialization</Filter>
    </ClCompile>
    <ClCompile Include="..\src\content\serialization\ContentValue.cpp">
      <Filter>engine\content\serialization</Filter>
    </ClCompile>
    <ClCompile Include="..\src\content\BinaryReader.cpp">
      <Filter>engine\content</Filter>
    </ClCompile>
    <ClCompile Include="..\src\content\ContentBitmapFont.cpp">
      <Filter>engine\content</Filter>
    </ClCompile>
    <ClCompile Include="..\src\content\ContentBlock.cpp">
      <Filter>engine\content</Filter>
    </ClCompile>
    <ClCompile Include="..\src\content\ContentFrameAnimation.cpp">
      <Filter>engine\content</Filter>
    </ClCompile>
    <ClCompile Include="..\src\content\ContentImage.cpp">
      <Filter>engine\content</Filter>
    </ClCompile>
    <ClCompile Include="..\src\content\ContentJson.cpp">
      <Filter>engine\content</Filter>
    </ClCompile>
    <ClCompile Include="..\src\content\ContentMesh.cpp">
      <Filter>engine\content</Filter>
    </ClCompile>
    <ClCompile Include="..\src\content\ContentStatus.cpp">
      <Filter>engine\content</Filter>
    </ClCompile>
    <ClCompile Include="..\src\game\Component.cpp">
      <Filter>engine\game</Filter>
    </ClCompile>
    <ClCompile Include="..\src\game\ComponentsFactory.cpp">
      <Filter>engine\game</Filter>
    </ClCompile>
    <ClCompile Include="..\src\game\Entity.cpp">
      <Filter>engine\game</Filter>
    </ClCompile>
    <ClCompile Include="..\src\game\Scene.cpp">
      <Filter>engine\game</Filter>
    </ClCompile>
    <ClCompile Include="..\src\game\services\Drawing.cpp">
      <Filter>engine\game\services</Filter>
    </ClCompile>
    <ClCompile Include="..\src\game\input\Mouse.cpp">
      <Filter>engine\game\input</Filter>
    </ClCompile>
    <ClCompile Include="..\src\game\components\FrameAnimation.cpp">
      <Filter>engine\game\components</Filter>
    </ClCompile>
    <ClCompile Include="..\src\game\components\Mesh.cpp">
      <Filter>engine\game\components</Filter>
    </ClCompile>
    <ClCompile Include="..\src\terrain\StripeBuilder.cpp">
      <Filter>engine\terrain</Filter>
    </ClCompile>
    <ClCompile Include="..\src\terrain\terrain_classes.cpp">
      <Filter>engine\terrain</Filter>
    </ClCompile>
    <ClCompile Include="..\src\terrain\TerrainFactory.cpp">
      <Filter>engine\terrain</Filter>
    </ClCompile>
    <ClCompile Include="..\src\geometry\Aabb.cpp">
      <Filter>engine\geometry</Filter>
    </ClCompile>
    <ClCompile Include="..\src\geometry\Quadtree.cpp">
      <Filter>engine\geometry</Filter>
    </ClCompile>
    <ClCompile Include="..\src\geometry\TerrainClipper.cpp">
      <Filter>engine\geometry</Filter>
    </ClCompile>
    <ClCompile Include="..\src\graphics\utilities\Camera.cpp">
      <Filter>engine\graphics\utilities</Filter>
    </ClCompile>
    <ClCompile Include="..\src\graphics\utilities\Viewport.cpp">
      <Filter>engine\graphics\utilities</Filter>
    </ClCompile>
    <ClCompile Include="..\src\graphics\pipelines\RenderPipeline.cpp">
      <Filter>engine\graphics\pipelines</Filter>
    </ClCompile>
    <ClCompile Include="..\src\graphics\pipelines\RenderService.cpp">
      <Filter>engine\graphics\pipelines</Filter>
    </ClCompile>
    <ClCompile Include="..\src\graphics\pipelines\RenderVertex.cpp">
      <Filter>engine\graphics\pipelines</Filter>
    </ClCompile>
    <ClCompile Include="..\src\graphics\pipelines\UniformsConfig.cpp">
      <Filter>engine\graphics\pipelines</Filter>
    </ClCompile>
    <ClCompile Include="..\src\core\Spline.cpp">
      <Filter>engine\core</Filter>
    </ClCompile>
    <ClCompile Include="..\src\core\Environment.cpp">
      <Filter>engine\core</Filter>
    </ClCompile>
    <ClCompile Include="..\src_cjson\cJSON.c">
      <Filter>third_party\cjson</Filter>
    </ClCompile>
    <ClCompile Include="..\src\zombo\editor\ZomboEditor.cpp">
      <Filter>zombo\editor</Filter>
    </ClCompile>
    <ClCompile Include="..\src\zombo\InitZomboRenderContext.cpp">
      <Filter>zombo</Filter>
    </ClCompile>
  </ItemGroup>
</Project>