<?xml version="1.0" encoding="utf-8"?>
<Project ToolsVersion="4.0" xmlns="http://schemas.microsoft.com/developer/msbuild/2003">
  <ItemGroup>
    <Filter Include="jni">
      <UniqueIdentifier>5bd59f78-1148-47ef-8fe5-a9238bd9abd7</UniqueIdentifier>
    </Filter>
    <Filter Include="res">
      <UniqueIdentifier>ae3fa164-f715-48a4-a186-6ca818b81a95</UniqueIdentifier>
    </Filter>
    <Filter Include="src">
      <UniqueIdentifier>2e2721f8-070a-4f44-b1c0-bbae6a56ccbb</UniqueIdentifier>
    </Filter>
    <Filter Include="res\values">
      <UniqueIdentifier>0770deb3-dab2-402c-8a83-4ce9183dd8cf</UniqueIdentifier>
    </Filter>
    <Filter Include="src\com">
      <UniqueIdentifier>4ea8c95a-6421-43b9-b6fc-efd07b07c7e7</UniqueIdentifier>
    </Filter>
    <Filter Include="src\com\example">
      <UniqueIdentifier>b84a1996-4406-4ca3-80d9-f2a6b26d1385</UniqueIdentifier>
    </Filter>
    <Filter Include="src\com\example\hellojni">
      <UniqueIdentifier>d4247282-e64c-42db-abf6-9edaafdf986f</UniqueIdentifier>
    </Filter>
  </ItemGroup>
  <ItemGroup>
    <AndroidBuild Include="AndroidManifest.xml" />
    <AndroidBuild Include="res\values\strings.xml">
      <Filter>res\values</Filter>
    </AndroidBuild>
  </ItemGroup>
  <ItemGroup>
    <JCompile Include="src\com\example\hellojni\HelloJni.java">
      <Filter>src\com\example\hellojni</Filter>
    </JCompile>
  </ItemGroup>
  <ItemGroup>
    <ClCompile Include="jni\HelloJni.cpp">
      <Filter>jni</Filter>
    </ClCompile>
    <ClCompile Include="..\..\Native\src\resources\ContentProviderAndroidAssets.cpp">
      <Filter>jni</Filter>
    </ClCompile>
  </ItemGroup>
  <ItemGroup>
    <ClInclude Include="..\..\Native\src\resources\ContentProvider.h">
      <Filter>jni</Filter>
    </ClInclude>
  </ItemGroup>
</Project>