<?xml version="1.0" encoding="utf-8"?>
<Project ToolsVersion="4.0" xmlns="http://schemas.microsoft.com/developer/msbuild/2003">
  <ItemGroup>
    <ClCompile Include="llge_android.cpp" />
    <ClCompile Include="..\src\core\Math.cpp">
      <Filter>core</Filter>
    </ClCompile>
    <ClCompile Include="..\src\core\Matrix.cpp">
      <Filter>core</Filter>
    </ClCompile>
    <ClCompile Include="..\src\graphics\AttributeInfo.cpp">
      <Filter>graphics</Filter>
    </ClCompile>
    <ClCompile Include="..\src\graphics\Attributes.cpp">
      <Filter>graphics</Filter>
    </ClCompile>
    <ClCompile Include="..\src\graphics\Color.cpp">
      <Filter>graphics</Filter>
    </ClCompile>
    <ClCompile Include="..\src\graphics\Effect.cpp">
      <Filter>graphics</Filter>
    </ClCompile>
    <ClCompile Include="..\src\graphics\Effects.cpp">
      <Filter>graphics</Filter>
    </ClCompile>
    <ClCompile Include="..\src\graphics\Errors.cpp">
      <Filter>graphics</Filter>
    </ClCompile>
    <ClCompile Include="..\src\graphics\GraphicsDevice.cpp">
      <Filter>graphics</Filter>
    </ClCompile>
    <ClCompile Include="..\src\graphics\Image2dData.cpp">
      <Filter>graphics</Filter>
    </ClCompile>
    <ClCompile Include="..\src\graphics\RenderState.cpp">
      <Filter>graphics</Filter>
    </ClCompile>
    <ClCompile Include="..\src\graphics\Texture.cpp">
      <Filter>graphics</Filter>
    </ClCompile>
    <ClCompile Include="..\src\graphics\TextureImage2d.cpp">
      <Filter>graphics</Filter>
    </ClCompile>
    <ClCompile Include="..\src\graphics\TextureLoader.cpp">
      <Filter>graphics</Filter>
    </ClCompile>
    <ClCompile Include="..\src\graphics\TextureRenderTarget2d.cpp">
      <Filter>graphics</Filter>
    </ClCompile>
    <ClCompile Include="..\src\graphics\Uniform.cpp">
      <Filter>graphics</Filter>
    </ClCompile>
    <ClCompile Include="..\src\graphics\UniformInfo.cpp">
      <Filter>graphics</Filter>
    </ClCompile>
    <ClCompile Include="..\src\graphics\Uniforms.cpp">
      <Filter>graphics</Filter>
    </ClCompile>
    <ClCompile Include="..\src\graphics\UniformValue.cpp">
      <Filter>graphics</Filter>
    </ClCompile>
    <ClCompile Include="..\src\graphics\UniformValueFloat.cpp">
      <Filter>graphics</Filter>
    </ClCompile>
    <ClCompile Include="..\src\graphics\UniformValueMatrix.cpp">
      <Filter>graphics</Filter>
    </ClCompile>
    <ClCompile Include="..\src\graphics\UniformValueTexture.cpp">
      <Filter>graphics</Filter>
    </ClCompile>
    <ClCompile Include="..\src\graphics\VertexFormat.cpp">
      <Filter>graphics</Filter>
    </ClCompile>
    <ClCompile Include="..\src\graphics\VertexFormats.cpp">
      <Filter>graphics</Filter>
    </ClCompile>
    <ClCompile Include="..\src\graphics\EffectSolid.cpp">
      <Filter>graphics\Effects</Filter>
    </ClCompile>
    <ClCompile Include="..\src\graphics\EffectSolidColor.cpp">
      <Filter>graphics\Effects</Filter>
    </ClCompile>
    <ClCompile Include="..\src\graphics\EffectTextureColor.cpp">
      <Filter>graphics\Effects</Filter>
    </ClCompile>
    <ClCompile Include="..\src\graphics\EffectBase.cpp">
      <Filter>graphics\Effects</Filter>
    </ClCompile>
    <ClCompile Include="..\..\CommonSources\gen\llgePInvoke.cpp">
      <Filter>common</Filter>
    </ClCompile>
    <ClCompile Include="..\src\exports\llge.cpp">
      <Filter>exports</Filter>
    </ClCompile>
  </ItemGroup>
  <ItemGroup>
    <Filter Include="core">
      <UniqueIdentifier>{56724a73-31cf-47f9-a14d-fad4393b8881}</UniqueIdentifier>
    </Filter>
    <Filter Include="graphics">
      <UniqueIdentifier>{416d6519-f41d-4a8f-926c-a16f7d29189b}</UniqueIdentifier>
    </Filter>
    <Filter Include="graphics\Effects">
      <UniqueIdentifier>{5fa91d0e-fbfd-40e2-b222-1936c90ade0e}</UniqueIdentifier>
    </Filter>
    <Filter Include="graphics\VertexFormats">
      <UniqueIdentifier>{1affcfad-f3c7-4a34-a002-905a3b7dcafb}</UniqueIdentifier>
    </Filter>
    <Filter Include="common">
      <UniqueIdentifier>{636baefe-b607-42b0-b036-308e0426b2d4}</UniqueIdentifier>
    </Filter>
    <Filter Include="exports">
      <UniqueIdentifier>{f3ab16df-f878-4cd7-b97c-0dc9ee9324d8}</UniqueIdentifier>
    </Filter>
  </ItemGroup>
  <ItemGroup>
    <ClInclude Include="..\src\core\core_classes.h">
      <Filter>core</Filter>
    </ClInclude>
    <ClInclude Include="..\src\core\core_platform.h">
      <Filter>core</Filter>
    </ClInclude>
    <ClInclude Include="..\src\core\Lazy.h">
      <Filter>core</Filter>
    </ClInclude>
    <ClInclude Include="..\src\core\Math.h">
      <Filter>core</Filter>
    </ClInclude>
    <ClInclude Include="..\src\core\Matrix.h">
      <Filter>core</Filter>
    </ClInclude>
    <ClInclude Include="..\src\core\StaticArray.h">
      <Filter>core</Filter>
    </ClInclude>
    <ClInclude Include="..\src\core\Vector.h">
      <Filter>core</Filter>
    </ClInclude>
    <ClInclude Include="..\src\graphics\AttributeInfo.h">
      <Filter>graphics</Filter>
    </ClInclude>
    <ClInclude Include="..\src\graphics\Attributes.h">
      <Filter>graphics</Filter>
    </ClInclude>
    <ClInclude Include="..\src\graphics\Color.h">
      <Filter>graphics</Filter>
    </ClInclude>
    <ClInclude Include="..\src\graphics\Effect.h">
      <Filter>graphics</Filter>
    </ClInclude>
    <ClInclude Include="..\src\graphics\Effects.h">
      <Filter>graphics</Filter>
    </ClInclude>
    <ClInclude Include="..\src\graphics\Errors.h">
      <Filter>graphics</Filter>
    </ClInclude>
    <ClInclude Include="..\src\graphics\GraphicsDevice.h">
      <Filter>graphics</Filter>
    </ClInclude>
    <ClInclude Include="..\src\graphics\graphics_classes.h">
      <Filter>graphics</Filter>
    </ClInclude>
    <ClInclude Include="..\src\graphics\graphics_platform.h">
      <Filter>graphics</Filter>
    </ClInclude>
    <ClInclude Include="..\src\graphics\graphics_references.h">
      <Filter>graphics</Filter>
    </ClInclude>
    <ClInclude Include="..\src\graphics\Image2dData.h">
      <Filter>graphics</Filter>
    </ClInclude>
    <ClInclude Include="..\src\graphics\RenderState.h">
      <Filter>graphics</Filter>
    </ClInclude>
    <ClInclude Include="..\src\graphics\State.h">
      <Filter>graphics</Filter>
    </ClInclude>
    <ClInclude Include="..\src\graphics\StateCompare.h">
      <Filter>graphics</Filter>
    </ClInclude>
    <ClInclude Include="..\src\graphics\Texture.h">
      <Filter>graphics</Filter>
    </ClInclude>
    <ClInclude Include="..\src\graphics\TextureImage2d.h">
      <Filter>graphics</Filter>
    </ClInclude>
    <ClInclude Include="..\src\graphics\TextureLoader.h">
      <Filter>graphics</Filter>
    </ClInclude>
    <ClInclude Include="..\src\graphics\TextureRenderTarget2d.h">
      <Filter>graphics</Filter>
    </ClInclude>
    <ClInclude Include="..\src\graphics\Uniform.h">
      <Filter>graphics</Filter>
    </ClInclude>
    <ClInclude Include="..\src\graphics\UniformInfo.h">
      <Filter>graphics</Filter>
    </ClInclude>
    <ClInclude Include="..\src\graphics\Uniforms.h">
      <Filter>graphics</Filter>
    </ClInclude>
    <ClInclude Include="..\src\graphics\UniformValue.h">
      <Filter>graphics</Filter>
    </ClInclude>
    <ClInclude Include="..\src\graphics\UniformValueFloat.h">
      <Filter>graphics</Filter>
    </ClInclude>
    <ClInclude Include="..\src\graphics\UniformValueMatrix.h">
      <Filter>graphics</Filter>
    </ClInclude>
    <ClInclude Include="..\src\graphics\UniformValueTexture.h">
      <Filter>graphics</Filter>
    </ClInclude>
    <ClInclude Include="..\src\graphics\VertexFormat.h">
      <Filter>graphics</Filter>
    </ClInclude>
    <ClInclude Include="..\src\graphics\VertexFormats.h">
      <Filter>graphics</Filter>
    </ClInclude>
    <ClInclude Include="..\src\graphics\VertexFormatPositionTextureColor.h">
      <Filter>graphics\VertexFormats</Filter>
    </ClInclude>
    <ClInclude Include="..\src\graphics\VertexFormatPositionColor.h">
      <Filter>graphics\VertexFormats</Filter>
    </ClInclude>
    <ClInclude Include="..\src\graphics\VertexFormatPosition.h">
      <Filter>graphics\VertexFormats</Filter>
    </ClInclude>
    <ClInclude Include="..\src\graphics\EffectSolid.h">
      <Filter>graphics\Effects</Filter>
    </ClInclude>
    <ClInclude Include="..\src\graphics\EffectSolidColor.h">
      <Filter>graphics\Effects</Filter>
    </ClInclude>
    <ClInclude Include="..\src\graphics\EffectTextureColor.h">
      <Filter>graphics\Effects</Filter>
    </ClInclude>
    <ClInclude Include="..\src\graphics\EffectBase.h">
      <Filter>graphics\Effects</Filter>
    </ClInclude>
    <ClInclude Include="..\src\core\FixedPool.h">
      <Filter>core</Filter>
    </ClInclude>
    <ClInclude Include="..\..\CommonSources\include\llge.h">
      <Filter>common</Filter>
    </ClInclude>
  </ItemGroup>
</Project>